// !$*UTF8*$!
{
	archiveVersion = 1;
	classes = {
	};
	objectVersion = 46;
	objects = {

/* Begin PBXBuildFile section */
		87ADDBE019B2088E00F758DA /* AppDelegate.swift in Sources */ = {isa = PBXBuildFile; fileRef = 87ADDBDF19B2088E00F758DA /* AppDelegate.swift */; };
		87ADDBE219B2088E00F758DA /* ViewController.swift in Sources */ = {isa = PBXBuildFile; fileRef = 87ADDBE119B2088E00F758DA /* ViewController.swift */; };
		87ADDBE519B2088E00F758DA /* Main.storyboard in Resources */ = {isa = PBXBuildFile; fileRef = 87ADDBE319B2088E00F758DA /* Main.storyboard */; };
		87ADDBE719B2088E00F758DA /* Images.xcassets in Resources */ = {isa = PBXBuildFile; fileRef = 87ADDBE619B2088E00F758DA /* Images.xcassets */; };
		87ADDBF319B2088E00F758DA /* activityIndicatorTests.swift in Sources */ = {isa = PBXBuildFile; fileRef = 87ADDBF219B2088E00F758DA /* activityIndicatorTests.swift */; };
/* End PBXBuildFile section */

/* Begin PBXContainerItemProxy section */
		87ADDBED19B2088E00F758DA /* PBXContainerItemProxy */ = {
			isa = PBXContainerItemProxy;
			containerPortal = 87ADDBD219B2088E00F758DA /* Project object */;
			proxyType = 1;
			remoteGlobalIDString = 87ADDBD919B2088E00F758DA;
			remoteInfo = activityIndicator;
		};
/* End PBXContainerItemProxy section */

/* Begin PBXFileReference section */
		87ADDBDA19B2088E00F758DA /* activityIndicator.app */ = {isa = PBXFileReference; explicitFileType = wrapper.application; includeInIndex = 0; path = activityIndicator.app; sourceTree = BUILT_PRODUCTS_DIR; };
		87ADDBDE19B2088E00F758DA /* Info.plist */ = {isa = PBXFileReference; lastKnownFileType = text.plist.xml; path = Info.plist; sourceTree = "<group>"; };
		87ADDBDF19B2088E00F758DA /* AppDelegate.swift */ = {isa = PBXFileReference; lastKnownFileType = sourcecode.swift; path = AppDelegate.swift; sourceTree = "<group>"; };
		87ADDBE119B2088E00F758DA /* ViewController.swift */ = {isa = PBXFileReference; lastKnownFileType = sourcecode.swift; path = ViewController.swift; sourceTree = "<group>"; };
		87ADDBE419B2088E00F758DA /* Base */ = {isa = PBXFileReference; lastKnownFileType = file.storyboard; name = Base; path = Base.lproj/Main.storyboard; sourceTree = "<group>"; };
		87ADDBE619B2088E00F758DA /* Images.xcassets */ = {isa = PBXFileReference; lastKnownFileType = folder.assetcatalog; path = Images.xcassets; sourceTree = "<group>"; };
		87ADDBEC19B2088E00F758DA /* activityIndicatorTests.xctest */ = {isa = PBXFileReference; explicitFileType = wrapper.cfbundle; includeInIndex = 0; path = activityIndicatorTests.xctest; sourceTree = BUILT_PRODUCTS_DIR; };
		87ADDBF119B2088E00F758DA /* Info.plist */ = {isa = PBXFileReference; lastKnownFileType = text.plist.xml; path = Info.plist; sourceTree = "<group>"; };
		87ADDBF219B2088E00F758DA /* activityIndicatorTests.swift */ = {isa = PBXFileReference; lastKnownFileType = sourcecode.swift; path = activityIndicatorTests.swift; sourceTree = "<group>"; };
/* End PBXFileReference section */

/* Begin PBXFrameworksBuildPhase section */
		87ADDBD719B2088E00F758DA /* Frameworks */ = {
			isa = PBXFrameworksBuildPhase;
			buildActionMask = 2147483647;
			files = (
			);
			runOnlyForDeploymentPostprocessing = 0;
		};
		87ADDBE919B2088E00F758DA /* Frameworks */ = {
			isa = PBXFrameworksBuildPhase;
			buildActionMask = 2147483647;
			files = (
			);
			runOnlyForDeploymentPostprocessing = 0;
		};
/* End PBXFrameworksBuildPhase section */

/* Begin PBXGroup section */
		87ADDBD119B2088E00F758DA = {
			isa = PBXGroup;
			children = (
				87ADDBDC19B2088E00F758DA /* activityIndicator */,
				87ADDBEF19B2088E00F758DA /* activityIndicatorTests */,
				87ADDBDB19B2088E00F758DA /* Products */,
			);
			sourceTree = "<group>";
		};
		87ADDBDB19B2088E00F758DA /* Products */ = {
			isa = PBXGroup;
			children = (
				87ADDBDA19B2088E00F758DA /* activityIndicator.app */,
				87ADDBEC19B2088E00F758DA /* activityIndicatorTests.xctest */,
			);
			name = Products;
			sourceTree = "<group>";
		};
		87ADDBDC19B2088E00F758DA /* activityIndicator */ = {
			isa = PBXGroup;
			children = (
				87ADDBDF19B2088E00F758DA /* AppDelegate.swift */,
				87ADDBE119B2088E00F758DA /* ViewController.swift */,
				87ADDBE319B2088E00F758DA /* Main.storyboard */,
				87ADDBE619B2088E00F758DA /* Images.xcassets */,
				87ADDBDD19B2088E00F758DA /* Supporting Files */,
			);
			path = activityIndicator;
			sourceTree = "<group>";
		};
		87ADDBDD19B2088E00F758DA /* Supporting Files */ = {
			isa = PBXGroup;
			children = (
				87ADDBDE19B2088E00F758DA /* Info.plist */,
			);
			name = "Supporting Files";
			sourceTree = "<group>";
		};
		87ADDBEF19B2088E00F758DA /* activityIndicatorTests */ = {
			isa = PBXGroup;
			children = (
				87ADDBF219B2088E00F758DA /* activityIndicatorTests.swift */,
				87ADDBF019B2088E00F758DA /* Supporting Files */,
			);
			path = activityIndicatorTests;
			sourceTree = "<group>";
		};
		87ADDBF019B2088E00F758DA /* Supporting Files */ = {
			isa = PBXGroup;
			children = (
				87ADDBF119B2088E00F758DA /* Info.plist */,
			);
			name = "Supporting Files";
			sourceTree = "<group>";
		};
/* End PBXGroup section */

/* Begin PBXNativeTarget section */
		87ADDBD919B2088E00F758DA /* activityIndicator */ = {
			isa = PBXNativeTarget;
			buildConfigurationList = 87ADDBF619B2088E00F758DA /* Build configuration list for PBXNativeTarget "activityIndicator" */;
			buildPhases = (
				87ADDBD619B2088E00F758DA /* Sources */,
				87ADDBD719B2088E00F758DA /* Frameworks */,
				87ADDBD819B2088E00F758DA /* Resources */,
			);
			buildRules = (
			);
			dependencies = (
			);
			name = activityIndicator;
			productName = activityIndicator;
			productReference = 87ADDBDA19B2088E00F758DA /* activityIndicator.app */;
			productType = "com.apple.product-type.application";
		};
		87ADDBEB19B2088E00F758DA /* activityIndicatorTests */ = {
			isa = PBXNativeTarget;
			buildConfigurationList = 87ADDBF919B2088E00F758DA /* Build configuration list for PBXNativeTarget "activityIndicatorTests" */;
			buildPhases = (
				87ADDBE819B2088E00F758DA /* Sources */,
				87ADDBE919B2088E00F758DA /* Frameworks */,
				87ADDBEA19B2088E00F758DA /* Resources */,
			);
			buildRules = (
			);
			dependencies = (
				87ADDBEE19B2088E00F758DA /* PBXTargetDependency */,
			);
			name = activityIndicatorTests;
			productName = activityIndicatorTests;
			productReference = 87ADDBEC19B2088E00F758DA /* activityIndicatorTests.xctest */;
			productType = "com.apple.product-type.bundle.unit-test";
		};
/* End PBXNativeTarget section */

/* Begin PBXProject section */
		87ADDBD219B2088E00F758DA /* Project object */ = {
			isa = PBXProject;
			attributes = {
				LastSwiftUpdateCheck = 0710;
				LastUpgradeCheck = 0600;
				ORGANIZATIONNAME = lovefancy;
				TargetAttributes = {
					87ADDBD919B2088E00F758DA = {
						CreatedOnToolsVersion = 6.0;
					};
					87ADDBEB19B2088E00F758DA = {
						CreatedOnToolsVersion = 6.0;
						TestTargetID = 87ADDBD919B2088E00F758DA;
					};
				};
			};
			buildConfigurationList = 87ADDBD519B2088E00F758DA /* Build configuration list for PBXProject "activityIndicator" */;
			compatibilityVersion = "Xcode 3.2";
			developmentRegion = English;
			hasScannedForEncodings = 0;
			knownRegions = (
				en,
				Base,
			);
			mainGroup = 87ADDBD119B2088E00F758DA;
			productRefGroup = 87ADDBDB19B2088E00F758DA /* Products */;
			projectDirPath = "";
			projectRoot = "";
			targets = (
				87ADDBD919B2088E00F758DA /* activityIndicator */,
				87ADDBEB19B2088E00F758DA /* activityIndicatorTests */,
			);
		};
/* End PBXProject section */

/* Begin PBXResourcesBuildPhase section */
		87ADDBD819B2088E00F758DA /* Resources */ = {
			isa = PBXResourcesBuildPhase;
			buildActionMask = 2147483647;
			files = (
				87ADDBE519B2088E00F758DA /* Main.storyboard in Resources */,
				87ADDBE719B2088E00F758DA /* Images.xcassets in Resources */,
			);
			runOnlyForDeploymentPostprocessing = 0;
		};
		87ADDBEA19B2088E00F758DA /* Resources */ = {
			isa = PBXResourcesBuildPhase;
			buildActionMask = 2147483647;
			files = (
			);
			runOnlyForDeploymentPostprocessing = 0;
		};
/* End PBXResourcesBuildPhase section */

/* Begin PBXSourcesBuildPhase section */
		87ADDBD619B2088E00F758DA /* Sources */ = {
			isa = PBXSourcesBuildPhase;
			buildActionMask = 2147483647;
			files = (
				87ADDBE219B2088E00F758DA /* ViewController.swift in Sources */,
				87ADDBE019B2088E00F758DA /* AppDelegate.swift in Sources */,
			);
			runOnlyForDeploymentPostprocessing = 0;
		};
		87ADDBE819B2088E00F758DA /* Sources */ = {
			isa = PBXSourcesBuildPhase;
			buildActionMask = 2147483647;
			files = (
				87ADDBF319B2088E00F758DA /* activityIndicatorTests.swift in Sources */,
			);
			runOnlyForDeploymentPostprocessing = 0;
		};
/* End PBXSourcesBuildPhase section */

/* Begin PBXTargetDependency section */
		87ADDBEE19B2088E00F758DA /* PBXTargetDependency */ = {
			isa = PBXTargetDependency;
			target = 87ADDBD919B2088E00F758DA /* activityIndicator */;
			targetProxy = 87ADDBED19B2088E00F758DA /* PBXContainerItemProxy */;
		};
/* End PBXTargetDependency section */

/* Begin PBXVariantGroup section */
		87ADDBE319B2088E00F758DA /* Main.storyboard */ = {
			isa = PBXVariantGroup;
			children = (
				87ADDBE419B2088E00F758DA /* Base */,
			);
			name = Main.storyboard;
			sourceTree = "<group>";
		};
/* End PBXVariantGroup section */

/* Begin XCBuildConfiguration section */
		87ADDBF419B2088E00F758DA /* Debug */ = {
			isa = XCBuildConfiguration;
			buildSettings = {
				ALWAYS_SEARCH_USER_PATHS = NO;
				CLANG_CXX_LANGUAGE_STANDARD = "gnu++0x";
				CLANG_CXX_LIBRARY = "libc++";
				CLANG_ENABLE_MODULES = YES;
				CLANG_ENABLE_OBJC_ARC = YES;
				CLANG_WARN_BOOL_CONVERSION = YES;
				CLANG_WARN_CONSTANT_CONVERSION = YES;
				CLANG_WARN_DIRECT_OBJC_ISA_USAGE = YES_ERROR;
				CLANG_WARN_EMPTY_BODY = YES;
				CLANG_WARN_ENUM_CONVERSION = YES;
				CLANG_WARN_INT_CONVERSION = YES;
				CLANG_WARN_OBJC_ROOT_CLASS = YES_ERROR;
				CLANG_WARN_UNREACHABLE_CODE = YES;
				CLANG_WARN__DUPLICATE_METHOD_MATCH = YES;
				"CODE_SIGN_IDENTITY[sdk=iphoneos*]" = "iPhone Developer";
				COPY_PHASE_STRIP = NO;
				ENABLE_STRICT_OBJC_MSGSEND = YES;
				GCC_C_LANGUAGE_STANDARD = gnu99;
				GCC_DYNAMIC_NO_PIC = NO;
				GCC_OPTIMIZATION_LEVEL = 0;
				GCC_PREPROCESSOR_DEFINITIONS = (
					"DEBUG=1",
					"$(inherited)",
				);
				GCC_SYMBOLS_PRIVATE_EXTERN = NO;
				GCC_WARN_64_TO_32_BIT_CONVERSION = YES;
				GCC_WARN_ABOUT_RETURN_TYPE = YES_ERROR;
				GCC_WARN_UNDECLARED_SELECTOR = YES;
				GCC_WARN_UNINITIALIZED_AUTOS = YES_AGGRESSIVE;
				GCC_WARN_UNUSED_FUNCTION = YES;
				GCC_WARN_UNUSED_VARIABLE = YES;
				IPHONEOS_DEPLOYMENT_TARGET = 8.0;
				MTL_ENABLE_DEBUG_INFO = YES;
				ONLY_ACTIVE_ARCH = YES;
				SDKROOT = iphoneos;
				SWIFT_OPTIMIZATION_LEVEL = "-Onone";
				TARGETED_DEVICE_FAMILY = "1,2";
			};
			name = Debug;
		};
		87ADDBF519B2088E00F758DA /* Release */ = {
			isa = XCBuildConfiguration;
			buildSettings = {
				ALWAYS_SEARCH_USER_PATHS = NO;
				CLANG_CXX_LANGUAGE_STANDARD = "gnu++0x";
				CLANG_CXX_LIBRARY = "libc++";
				CLANG_ENABLE_MODULES = YES;
				CLANG_ENABLE_OBJC_ARC = YES;
				CLANG_WARN_BOOL_CONVERSION = YES;
				CLANG_WARN_CONSTANT_CONVERSION = YES;
				CLANG_WARN_DIRECT_OBJC_ISA_USAGE = YES_ERROR;
				CLANG_WARN_EMPTY_BODY = YES;
				CLANG_WARN_ENUM_CONVERSION = YES;
				CLANG_WARN_INT_CONVERSION = YES;
				CLANG_WARN_OBJC_ROOT_CLASS = YES_ERROR;
				CLANG_WARN_UNREACHABLE_CODE = YES;
				CLANG_WARN__DUPLICATE_METHOD_MATCH = YES;
				"CODE_SIGN_IDENTITY[sdk=iphoneos*]" = "iPhone Developer";
				COPY_PHASE_STRIP = YES;
				ENABLE_NS_ASSERTIONS = NO;
				ENABLE_STRICT_OBJC_MSGSEND = YES;
				GCC_C_LANGUAGE_STANDARD = gnu99;
				GCC_WARN_64_TO_32_BIT_CONVERSION = YES;
				GCC_WARN_ABOUT_RETURN_TYPE = YES_ERROR;
				GCC_WARN_UNDECLARED_SELECTOR = YES;
				GCC_WARN_UNINITIALIZED_AUTOS = YES_AGGRESSIVE;
				GCC_WARN_UNUSED_FUNCTION = YES;
				GCC_WARN_UNUSED_VARIABLE = YES;
				IPHONEOS_DEPLOYMENT_TARGET = 8.0;
				MTL_ENABLE_DEBUG_INFO = NO;
				SDKROOT = iphoneos;
				TARGETED_DEVICE_FAMILY = "1,2";
				VALIDATE_PRODUCT = YES;
			};
			name = Release;
		};
		87ADDBF719B2088E00F758DA /* Debug */ = {
			isa = XCBuildConfiguration;
			buildSettings = {
				ASSETCATALOG_COMPILER_APPICON_NAME = AppIcon;
				ASSETCATALOG_COMPILER_LAUNCHIMAGE_NAME = LaunchImage;
				INFOPLIST_FILE = activityIndicator/Info.plist;
				LD_RUNPATH_SEARCH_PATHS = "$(inherited) @executable_path/Frameworks";
				PRODUCT_NAME = "$(TARGET_NAME)";
			};
			name = Debug;
		};
		87ADDBF819B2088E00F758DA /* Release */ = {
			isa = XCBuildConfiguration;
			buildSettings = {
				ASSETCATALOG_COMPILER_APPICON_NAME = AppIcon;
				ASSETCATALOG_COMPILER_LAUNCHIMAGE_NAME = LaunchImage;
				INFOPLIST_FILE = activityIndicator/Info.plist;
				LD_RUNPATH_SEARCH_PATHS = "$(inherited) @executable_path/Frameworks";
				PRODUCT_NAME = "$(TARGET_NAME)";
			};
			name = Release;
		};
		87ADDBFA19B2088E00F758DA /* Debug */ = {
			isa = XCBuildConfiguration;
			buildSettings = {
				BUNDLE_LOADER = "$(TEST_HOST)";
				FRAMEWORK_SEARCH_PATHS = (
					"$(SDKROOT)/Developer/Library/Frameworks",
					"$(inherited)",
				);
				GCC_PREPROCESSOR_DEFINITIONS = (
					"DEBUG=1",
					"$(inherited)",
				);
				INFOPLIST_FILE = activityIndicatorTests/Info.plist;
				LD_RUNPATH_SEARCH_PATHS = "$(inherited) @executable_path/Frameworks @loader_path/Frameworks";
				PRODUCT_NAME = "$(TARGET_NAME)";
				TEST_HOST = "$(BUILT_PRODUCTS_DIR)/activityIndicator.app/activityIndicator";
			};
			name = Debug;
		};
		87ADDBFB19B2088E00F758DA /* Release */ = {
			isa = XCBuildConfiguration;
			buildSettings = {
				BUNDLE_LOADER = "$(TEST_HOST)";
				FRAMEWORK_SEARCH_PATHS = (
					"$(SDKROOT)/Developer/Library/Frameworks",
					"$(inherited)",
				);
				INFOPLIST_FILE = activityIndicatorTests/Info.plist;
				LD_RUNPATH_SEARCH_PATHS = "$(inherited) @executable_path/Frameworks @loader_path/Frameworks";
				PRODUCT_NAME = "$(TARGET_NAME)";
				TEST_HOST = "$(BUILT_PRODUCTS_DIR)/activityIndicator.app/activityIndicator";
			};
			name = Release;
		};
/* End XCBuildConfiguration section */

/* Begin XCConfigurationList section */
		87ADDBD519B2088E00F758DA /* Build configuration list for PBXProject "activityIndicator" */ = {
			isa = XCConfigurationList;
			buildConfigurations = (
				87ADDBF419B2088E00F758DA /* Debug */,
				87ADDBF519B2088E00F758DA /* Release */,
			);
			defaultConfigurationIsVisible = 0;
			defaultConfigurationName = Release;
		};
		87ADDBF619B2088E00F758DA /* Build configuration list for PBXNativeTarget "activityIndicator" */ = {
			isa = XCConfigurationList;
			buildConfigurations = (
				87ADDBF719B2088E00F758DA /* Debug */,
				87ADDBF819B2088E00F758DA /* Release */,
			);
			defaultConfigurationIsVisible = 0;
			defaultConfigurationName = Release;
		};
		87ADDBF919B2088E00F758DA /* Build configuration list for PBXNativeTarget "activityIndicatorTests" */ = {
			isa = XCConfigurationList;
			buildConfigurations = (
				87ADDBFA19B2088E00F758DA /* Debug */,
				87ADDBFB19B2088E00F758DA /* Release */,
			);
			defaultConfigurationIsVisible = 0;
			defaultConfigurationName = Release;
		};
/* End XCConfigurationList section */
	};
	rootObject = 87ADDBD219B2088E00F758DA /* Project object */;
}
