// !$*UTF8*$!
{
	archiveVersion = 1;
	classes = {
	};
	objectVersion = 46;
	objects = {

/* Begin PBXBuildFile section */
		87ADDAC619AF6BFF00F758DA /* AppDelegate.swift in Sources */ = {isa = PBXBuildFile; fileRef = 87ADDAC519AF6BFF00F758DA /* AppDelegate.swift */; };
		87ADDAC819AF6BFF00F758DA /* ViewController.swift in Sources */ = {isa = PBXBuildFile; fileRef = 87ADDAC719AF6BFF00F758DA /* ViewController.swift */; };
		87ADDACB19AF6BFF00F758DA /* Main.storyboard in Resources */ = {isa = PBXBuildFile; fileRef = 87ADDAC919AF6BFF00F758DA /* Main.storyboard */; };
		87ADDACD19AF6BFF00F758DA /* Images.xcassets in Resources */ = {isa = PBXBuildFile; fileRef = 87ADDACC19AF6BFF00F758DA /* Images.xcassets */; };
		87ADDAD919AF6BFF00F758DA /* addTests.swift in Sources */ = {isa = PBXBuildFile; fileRef = 87ADDAD819AF6BFF00F758DA /* addTests.swift */; };
/* End PBXBuildFile section */

/* Begin PBXContainerItemProxy section */
		87ADDAD319AF6BFF00F758DA /* PBXContainerItemProxy */ = {
			isa = PBXContainerItemProxy;
			containerPortal = 87ADDAB819AF6BFF00F758DA /* Project object */;
			proxyType = 1;
			remoteGlobalIDString = 87ADDABF19AF6BFF00F758DA;
			remoteInfo = add;
		};
/* End PBXContainerItemProxy section */

/* Begin PBXFileReference section */
		87ADDAC019AF6BFF00F758DA /* add.app */ = {isa = PBXFileReference; explicitFileType = wrapper.application; includeInIndex = 0; path = add.app; sourceTree = BUILT_PRODUCTS_DIR; };
		87ADDAC419AF6BFF00F758DA /* Info.plist */ = {isa = PBXFileReference; lastKnownFileType = text.plist.xml; path = Info.plist; sourceTree = "<group>"; };
		87ADDAC519AF6BFF00F758DA /* AppDelegate.swift */ = {isa = PBXFileReference; lastKnownFileType = sourcecode.swift; path = AppDelegate.swift; sourceTree = "<group>"; };
		87ADDAC719AF6BFF00F758DA /* ViewController.swift */ = {isa = PBXFileReference; lastKnownFileType = sourcecode.swift; path = ViewController.swift; sourceTree = "<group>"; };
		87ADDACA19AF6BFF00F758DA /* Base */ = {isa = PBXFileReference; lastKnownFileType = file.storyboard; name = Base; path = Base.lproj/Main.storyboard; sourceTree = "<group>"; };
		87ADDACC19AF6BFF00F758DA /* Images.xcassets */ = {isa = PBXFileReference; lastKnownFileType = folder.assetcatalog; path = Images.xcassets; sourceTree = "<group>"; };
		87ADDAD219AF6BFF00F758DA /* addTests.xctest */ = {isa = PBXFileReference; explicitFileType = wrapper.cfbundle; includeInIndex = 0; path = addTests.xctest; sourceTree = BUILT_PRODUCTS_DIR; };
		87ADDAD719AF6BFF00F758DA /* Info.plist */ = {isa = PBXFileReference; lastKnownFileType = text.plist.xml; path = Info.plist; sourceTree = "<group>"; };
		87ADDAD819AF6BFF00F758DA /* addTests.swift */ = {isa = PBXFileReference; lastKnownFileType = sourcecode.swift; path = addTests.swift; sourceTree = "<group>"; };
/* End PBXFileReference section */

/* Begin PBXFrameworksBuildPhase section */
		87ADDABD19AF6BFF00F758DA /* Frameworks */ = {
			isa = PBXFrameworksBuildPhase;
			buildActionMask = 2147483647;
			files = (
			);
			runOnlyForDeploymentPostprocessing = 0;
		};
		87ADDACF19AF6BFF00F758DA /* Frameworks */ = {
			isa = PBXFrameworksBuildPhase;
			buildActionMask = 2147483647;
			files = (
			);
			runOnlyForDeploymentPostprocessing = 0;
		};
/* End PBXFrameworksBuildPhase section */

/* Begin PBXGroup section */
		87ADDAB719AF6BFF00F758DA = {
			isa = PBXGroup;
			children = (
				87ADDAC219AF6BFF00F758DA /* add */,
				87ADDAD519AF6BFF00F758DA /* addTests */,
				87ADDAC119AF6BFF00F758DA /* Products */,
			);
			sourceTree = "<group>";
		};
		87ADDAC119AF6BFF00F758DA /* Products */ = {
			isa = PBXGroup;
			children = (
				87ADDAC019AF6BFF00F758DA /* add.app */,
				87ADDAD219AF6BFF00F758DA /* addTests.xctest */,
			);
			name = Products;
			sourceTree = "<group>";
		};
		87ADDAC219AF6BFF00F758DA /* add */ = {
			isa = PBXGroup;
			children = (
				87ADDAC519AF6BFF00F758DA /* AppDelegate.swift */,
				87ADDAC719AF6BFF00F758DA /* ViewController.swift */,
				87ADDAC919AF6BFF00F758DA /* Main.storyboard */,
				87ADDACC19AF6BFF00F758DA /* Images.xcassets */,
				87ADDAC319AF6BFF00F758DA /* Supporting Files */,
			);
			path = add;
			sourceTree = "<group>";
		};
		87ADDAC319AF6BFF00F758DA /* Supporting Files */ = {
			isa = PBXGroup;
			children = (
				87ADDAC419AF6BFF00F758DA /* Info.plist */,
			);
			name = "Supporting Files";
			sourceTree = "<group>";
		};
		87ADDAD519AF6BFF00F758DA /* addTests */ = {
			isa = PBXGroup;
			children = (
				87ADDAD819AF6BFF00F758DA /* addTests.swift */,
				87ADDAD619AF6BFF00F758DA /* Supporting Files */,
			);
			path = addTests;
			sourceTree = "<group>";
		};
		87ADDAD619AF6BFF00F758DA /* Supporting Files */ = {
			isa = PBXGroup;
			children = (
				87ADDAD719AF6BFF00F758DA /* Info.plist */,
			);
			name = "Supporting Files";
			sourceTree = "<group>";
		};
/* End PBXGroup section */

/* Begin PBXNativeTarget section */
		87ADDABF19AF6BFF00F758DA /* add */ = {
			isa = PBXNativeTarget;
			buildConfigurationList = 87ADDADC19AF6BFF00F758DA /* Build configuration list for PBXNativeTarget "add" */;
			buildPhases = (
				87ADDABC19AF6BFF00F758DA /* Sources */,
				87ADDABD19AF6BFF00F758DA /* Frameworks */,
				87ADDABE19AF6BFF00F758DA /* Resources */,
			);
			buildRules = (
			);
			dependencies = (
			);
			name = add;
			productName = add;
			productReference = 87ADDAC019AF6BFF00F758DA /* add.app */;
			productType = "com.apple.product-type.application";
		};
		87ADDAD119AF6BFF00F758DA /* addTests */ = {
			isa = PBXNativeTarget;
			buildConfigurationList = 87ADDADF19AF6BFF00F758DA /* Build configuration list for PBXNativeTarget "addTests" */;
			buildPhases = (
				87ADDACE19AF6BFF00F758DA /* Sources */,
				87ADDACF19AF6BFF00F758DA /* Frameworks */,
				87ADDAD019AF6BFF00F758DA /* Resources */,
			);
			buildRules = (
			);
			dependencies = (
				87ADDAD419AF6BFF00F758DA /* PBXTargetDependency */,
			);
			name = addTests;
			productName = addTests;
			productReference = 87ADDAD219AF6BFF00F758DA /* addTests.xctest */;
			productType = "com.apple.product-type.bundle.unit-test";
		};
/* End PBXNativeTarget section */

/* Begin PBXProject section */
		87ADDAB819AF6BFF00F758DA /* Project object */ = {
			isa = PBXProject;
			attributes = {
				LastSwiftUpdateCheck = 0710;
				LastUpgradeCheck = 0600;
				ORGANIZATIONNAME = lovefancy;
				TargetAttributes = {
					87ADDABF19AF6BFF00F758DA = {
						CreatedOnToolsVersion = 6.0;
					};
					87ADDAD119AF6BFF00F758DA = {
						CreatedOnToolsVersion = 6.0;
						TestTargetID = 87ADDABF19AF6BFF00F758DA;
					};
				};
			};
			buildConfigurationList = 87ADDABB19AF6BFF00F758DA /* Build configuration list for PBXProject "add" */;
			compatibilityVersion = "Xcode 3.2";
			developmentRegion = English;
			hasScannedForEncodings = 0;
			knownRegions = (
				en,
				Base,
			);
			mainGroup = 87ADDAB719AF6BFF00F758DA;
			productRefGroup = 87ADDAC119AF6BFF00F758DA /* Products */;
			projectDirPath = "";
			projectRoot = "";
			targets = (
				87ADDABF19AF6BFF00F758DA /* add */,
				87ADDAD119AF6BFF00F758DA /* addTests */,
			);
		};
/* End PBXProject section */

/* Begin PBXResourcesBuildPhase section */
		87ADDABE19AF6BFF00F758DA /* Resources */ = {
			isa = PBXResourcesBuildPhase;
			buildActionMask = 2147483647;
			files = (
				87ADDACB19AF6BFF00F758DA /* Main.storyboard in Resources */,
				87ADDACD19AF6BFF00F758DA /* Images.xcassets in Resources */,
			);
			runOnlyForDeploymentPostprocessing = 0;
		};
		87ADDAD019AF6BFF00F758DA /* Resources */ = {
			isa = PBXResourcesBuildPhase;
			buildActionMask = 2147483647;
			files = (
			);
			runOnlyForDeploymentPostprocessing = 0;
		};
/* End PBXResourcesBuildPhase section */

/* Begin PBXSourcesBuildPhase section */
		87ADDABC19AF6BFF00F758DA /* Sources */ = {
			isa = PBXSourcesBuildPhase;
			buildActionMask = 2147483647;
			files = (
				87ADDAC819AF6BFF00F758DA /* ViewController.swift in Sources */,
				87ADDAC619AF6BFF00F758DA /* AppDelegate.swift in Sources */,
			);
			runOnlyForDeploymentPostprocessing = 0;
		};
		87ADDACE19AF6BFF00F758DA /* Sources */ = {
			isa = PBXSourcesBuildPhase;
			buildActionMask = 2147483647;
			files = (
				87ADDAD919AF6BFF00F758DA /* addTests.swift in Sources */,
			);
			runOnlyForDeploymentPostprocessing = 0;
		};
/* End PBXSourcesBuildPhase section */

/* Begin PBXTargetDependency section */
		87ADDAD419AF6BFF00F758DA /* PBXTargetDependency */ = {
			isa = PBXTargetDependency;
			target = 87ADDABF19AF6BFF00F758DA /* add */;
			targetProxy = 87ADDAD319AF6BFF00F758DA /* PBXContainerItemProxy */;
		};
/* End PBXTargetDependency section */

/* Begin PBXVariantGroup section */
		87ADDAC919AF6BFF00F758DA /* Main.storyboard */ = {
			isa = PBXVariantGroup;
			children = (
				87ADDACA19AF6BFF00F758DA /* Base */,
			);
			name = Main.storyboard;
			sourceTree = "<group>";
		};
/* End PBXVariantGroup section */

/* Begin XCBuildConfiguration section */
		87ADDADA19AF6BFF00F758DA /* Debug */ = {
			isa = XCBuildConfiguration;
			buildSettings = {
				ALWAYS_SEARCH_USER_PATHS = NO;
				CLANG_CXX_LANGUAGE_STANDARD = "gnu++0x";
				CLANG_CXX_LIBRARY = "libc++";
				CLANG_ENABLE_MODULES = YES;
				CLANG_ENABLE_OBJC_ARC = YES;
				CLANG_WARN_BOOL_CONVERSION = YES;
				CLANG_WARN_CONSTANT_CONVERSION = YES;
				CLANG_WARN_DIRECT_OBJC_ISA_USAGE = YES_ERROR;
				CLANG_WARN_EMPTY_BODY = YES;
				CLANG_WARN_ENUM_CONVERSION = YES;
				CLANG_WARN_INT_CONVERSION = YES;
				CLANG_WARN_OBJC_ROOT_CLASS = YES_ERROR;
				CLANG_WARN_UNREACHABLE_CODE = YES;
				CLANG_WARN__DUPLICATE_METHOD_MATCH = YES;
				"CODE_SIGN_IDENTITY[sdk=iphoneos*]" = "iPhone Developer";
				COPY_PHASE_STRIP = NO;
				ENABLE_STRICT_OBJC_MSGSEND = YES;
				GCC_C_LANGUAGE_STANDARD = gnu99;
				GCC_DYNAMIC_NO_PIC = NO;
				GCC_OPTIMIZATION_LEVEL = 0;
				GCC_PREPROCESSOR_DEFINITIONS = (
					"DEBUG=1",
					"$(inherited)",
				);
				GCC_SYMBOLS_PRIVATE_EXTERN = NO;
				GCC_WARN_64_TO_32_BIT_CONVERSION = YES;
				GCC_WARN_ABOUT_RETURN_TYPE = YES_ERROR;
				GCC_WARN_UNDECLARED_SELECTOR = YES;
				GCC_WARN_UNINITIALIZED_AUTOS = YES_AGGRESSIVE;
				GCC_WARN_UNUSED_FUNCTION = YES;
				GCC_WARN_UNUSED_VARIABLE = YES;
				IPHONEOS_DEPLOYMENT_TARGET = 8.0;
				MTL_ENABLE_DEBUG_INFO = YES;
				ONLY_ACTIVE_ARCH = YES;
				SDKROOT = iphoneos;
				SWIFT_OPTIMIZATION_LEVEL = "-Onone";
				TARGETED_DEVICE_FAMILY = "1,2";
			};
			name = Debug;
		};
		87ADDADB19AF6BFF00F758DA /* Release */ = {
			isa = XCBuildConfiguration;
			buildSettings = {
				ALWAYS_SEARCH_USER_PATHS = NO;
				CLANG_CXX_LANGUAGE_STANDARD = "gnu++0x";
				CLANG_CXX_LIBRARY = "libc++";
				CLANG_ENABLE_MODULES = YES;
				CLANG_ENABLE_OBJC_ARC = YES;
				CLANG_WARN_BOOL_CONVERSION = YES;
				CLANG_WARN_CONSTANT_CONVERSION = YES;
				CLANG_WARN_DIRECT_OBJC_ISA_USAGE = YES_ERROR;
				CLANG_WARN_EMPTY_BODY = YES;
				CLANG_WARN_ENUM_CONVERSION = YES;
				CLANG_WARN_INT_CONVERSION = YES;
				CLANG_WARN_OBJC_ROOT_CLASS = YES_ERROR;
				CLANG_WARN_UNREACHABLE_CODE = YES;
				CLANG_WARN__DUPLICATE_METHOD_MATCH = YES;
				"CODE_SIGN_IDENTITY[sdk=iphoneos*]" = "iPhone Developer";
				COPY_PHASE_STRIP = YES;
				ENABLE_NS_ASSERTIONS = NO;
				ENABLE_STRICT_OBJC_MSGSEND = YES;
				GCC_C_LANGUAGE_STANDARD = gnu99;
				GCC_WARN_64_TO_32_BIT_CONVERSION = YES;
				GCC_WARN_ABOUT_RETURN_TYPE = YES_ERROR;
				GCC_WARN_UNDECLARED_SELECTOR = YES;
				GCC_WARN_UNINITIALIZED_AUTOS = YES_AGGRESSIVE;
				GCC_WARN_UNUSED_FUNCTION = YES;
				GCC_WARN_UNUSED_VARIABLE = YES;
				IPHONEOS_DEPLOYMENT_TARGET = 8.0;
				MTL_ENABLE_DEBUG_INFO = NO;
				SDKROOT = iphoneos;
				TARGETED_DEVICE_FAMILY = "1,2";
				VALIDATE_PRODUCT = YES;
			};
			name = Release;
		};
		87ADDADD19AF6BFF00F758DA /* Debug */ = {
			isa = XCBuildConfiguration;
			buildSettings = {
				ASSETCATALOG_COMPILER_APPICON_NAME = AppIcon;
				ASSETCATALOG_COMPILER_LAUNCHIMAGE_NAME = LaunchImage;
				INFOPLIST_FILE = add/Info.plist;
				LD_RUNPATH_SEARCH_PATHS = "$(inherited) @executable_path/Frameworks";
				PRODUCT_NAME = "$(TARGET_NAME)";
				TARGETED_DEVICE_FAMILY = 1;
			};
			name = Debug;
		};
		87ADDADE19AF6BFF00F758DA /* Release */ = {
			isa = XCBuildConfiguration;
			buildSettings = {
				ASSETCATALOG_COMPILER_APPICON_NAME = AppIcon;
				ASSETCATALOG_COMPILER_LAUNCHIMAGE_NAME = LaunchImage;
				INFOPLIST_FILE = add/Info.plist;
				LD_RUNPATH_SEARCH_PATHS = "$(inherited) @executable_path/Frameworks";
				PRODUCT_NAME = "$(TARGET_NAME)";
				TARGETED_DEVICE_FAMILY = 1;
			};
			name = Release;
		};
		87ADDAE019AF6BFF00F758DA /* Debug */ = {
			isa = XCBuildConfiguration;
			buildSettings = {
				BUNDLE_LOADER = "$(TEST_HOST)";
				FRAMEWORK_SEARCH_PATHS = (
					"$(SDKROOT)/Developer/Library/Frameworks",
					"$(inherited)",
				);
				GCC_PREPROCESSOR_DEFINITIONS = (
					"DEBUG=1",
					"$(inherited)",
				);
				INFOPLIST_FILE = addTests/Info.plist;
				LD_RUNPATH_SEARCH_PATHS = "$(inherited) @executable_path/Frameworks @loader_path/Frameworks";
				PRODUCT_NAME = "$(TARGET_NAME)";
				TEST_HOST = "$(BUILT_PRODUCTS_DIR)/add.app/add";
			};
			name = Debug;
		};
		87ADDAE119AF6BFF00F758DA /* Release */ = {
			isa = XCBuildConfiguration;
			buildSettings = {
				BUNDLE_LOADER = "$(TEST_HOST)";
				FRAMEWORK_SEARCH_PATHS = (
					"$(SDKROOT)/Developer/Library/Frameworks",
					"$(inherited)",
				);
				INFOPLIST_FILE = addTests/Info.plist;
				LD_RUNPATH_SEARCH_PATHS = "$(inherited) @executable_path/Frameworks @loader_path/Frameworks";
				PRODUCT_NAME = "$(TARGET_NAME)";
				TEST_HOST = "$(BUILT_PRODUCTS_DIR)/add.app/add";
			};
			name = Release;
		};
/* End XCBuildConfiguration section */

/* Begin XCConfigurationList section */
		87ADDABB19AF6BFF00F758DA /* Build configuration list for PBXProject "add" */ = {
			isa = XCConfigurationList;
			buildConfigurations = (
				87ADDADA19AF6BFF00F758DA /* Debug */,
				87ADDADB19AF6BFF00F758DA /* Release */,
			);
			defaultConfigurationIsVisible = 0;
			defaultConfigurationName = Release;
		};
		87ADDADC19AF6BFF00F758DA /* Build configuration list for PBXNativeTarget "add" */ = {
			isa = XCConfigurationList;
			buildConfigurations = (
				87ADDADD19AF6BFF00F758DA /* Debug */,
				87ADDADE19AF6BFF00F758DA /* Release */,
			);
			defaultConfigurationIsVisible = 0;
			defaultConfigurationName = Release;
		};
		87ADDADF19AF6BFF00F758DA /* Build configuration list for PBXNativeTarget "addTests" */ = {
			isa = XCConfigurationList;
			buildConfigurations = (
				87ADDAE019AF6BFF00F758DA /* Debug */,
				87ADDAE119AF6BFF00F758DA /* Release */,
			);
			defaultConfigurationIsVisible = 0;
			defaultConfigurationName = Release;
		};
/* End XCConfigurationList section */
	};
	rootObject = 87ADDAB819AF6BFF00F758DA /* Project object */;
}
