// !$*UTF8*$!
{
	archiveVersion = 1;
	classes = {
	};
	objectVersion = 46;
	objects = {

/* Begin PBXBuildFile section */
		8714BAC719BDAB8000D74320 /* eko.png in Resources */ = {isa = PBXBuildFile; fileRef = 8714BAC619BDAB8000D74320 /* eko.png */; };
		87ADDD4E19B2450B00F758DA /* AppDelegate.swift in Sources */ = {isa = PBXBuildFile; fileRef = 87ADDD4D19B2450B00F758DA /* AppDelegate.swift */; };
		87ADDD5019B2450B00F758DA /* ViewController.swift in Sources */ = {isa = PBXBuildFile; fileRef = 87ADDD4F19B2450B00F758DA /* ViewController.swift */; };
		87ADDD5319B2450C00F758DA /* Main.storyboard in Resources */ = {isa = PBXBuildFile; fileRef = 87ADDD5119B2450C00F758DA /* Main.storyboard */; };
		87ADDD5519B2450C00F758DA /* Images.xcassets in Resources */ = {isa = PBXBuildFile; fileRef = 87ADDD5419B2450C00F758DA /* Images.xcassets */; };
		87ADDD6119B2450C00F758DA /* toolbarTests.swift in Sources */ = {isa = PBXBuildFile; fileRef = 87ADDD6019B2450C00F758DA /* toolbarTests.swift */; };
/* End PBXBuildFile section */

/* Begin PBXContainerItemProxy section */
		87ADDD5B19B2450C00F758DA /* PBXContainerItemProxy */ = {
			isa = PBXContainerItemProxy;
			containerPortal = 87ADDD4019B2450B00F758DA /* Project object */;
			proxyType = 1;
			remoteGlobalIDString = 87ADDD4719B2450B00F758DA;
			remoteInfo = toolbar;
		};
/* End PBXContainerItemProxy section */

/* Begin PBXFileReference section */
		8714BAC619BDAB8000D74320 /* eko.png */ = {isa = PBXFileReference; lastKnownFileType = image.png; path = eko.png; sourceTree = "<group>"; };
		87ADDD4819B2450B00F758DA /* toolbar.app */ = {isa = PBXFileReference; explicitFileType = wrapper.application; includeInIndex = 0; path = toolbar.app; sourceTree = BUILT_PRODUCTS_DIR; };
		87ADDD4C19B2450B00F758DA /* Info.plist */ = {isa = PBXFileReference; lastKnownFileType = text.plist.xml; path = Info.plist; sourceTree = "<group>"; };
		87ADDD4D19B2450B00F758DA /* AppDelegate.swift */ = {isa = PBXFileReference; lastKnownFileType = sourcecode.swift; path = AppDelegate.swift; sourceTree = "<group>"; };
		87ADDD4F19B2450B00F758DA /* ViewController.swift */ = {isa = PBXFileReference; lastKnownFileType = sourcecode.swift; path = ViewController.swift; sourceTree = "<group>"; };
		87ADDD5219B2450C00F758DA /* Base */ = {isa = PBXFileReference; lastKnownFileType = file.storyboard; name = Base; path = Base.lproj/Main.storyboard; sourceTree = "<group>"; };
		87ADDD5419B2450C00F758DA /* Images.xcassets */ = {isa = PBXFileReference; lastKnownFileType = folder.assetcatalog; path = Images.xcassets; sourceTree = "<group>"; };
		87ADDD5A19B2450C00F758DA /* toolbarTests.xctest */ = {isa = PBXFileReference; explicitFileType = wrapper.cfbundle; includeInIndex = 0; path = toolbarTests.xctest; sourceTree = BUILT_PRODUCTS_DIR; };
		87ADDD5F19B2450C00F758DA /* Info.plist */ = {isa = PBXFileReference; lastKnownFileType = text.plist.xml; path = Info.plist; sourceTree = "<group>"; };
		87ADDD6019B2450C00F758DA /* toolbarTests.swift */ = {isa = PBXFileReference; lastKnownFileType = sourcecode.swift; path = toolbarTests.swift; sourceTree = "<group>"; };
/* End PBXFileReference section */

/* Begin PBXFrameworksBuildPhase section */
		87ADDD4519B2450B00F758DA /* Frameworks */ = {
			isa = PBXFrameworksBuildPhase;
			buildActionMask = 2147483647;
			files = (
			);
			runOnlyForDeploymentPostprocessing = 0;
		};
		87ADDD5719B2450C00F758DA /* Frameworks */ = {
			isa = PBXFrameworksBuildPhase;
			buildActionMask = 2147483647;
			files = (
			);
			runOnlyForDeploymentPostprocessing = 0;
		};
/* End PBXFrameworksBuildPhase section */

/* Begin PBXGroup section */
		87ADDD3F19B2450B00F758DA = {
			isa = PBXGroup;
			children = (
				87ADDD4A19B2450B00F758DA /* toolbar */,
				87ADDD5D19B2450C00F758DA /* toolbarTests */,
				87ADDD4919B2450B00F758DA /* Products */,
			);
			sourceTree = "<group>";
		};
		87ADDD4919B2450B00F758DA /* Products */ = {
			isa = PBXGroup;
			children = (
				87ADDD4819B2450B00F758DA /* toolbar.app */,
				87ADDD5A19B2450C00F758DA /* toolbarTests.xctest */,
			);
			name = Products;
			sourceTree = "<group>";
		};
		87ADDD4A19B2450B00F758DA /* toolbar */ = {
			isa = PBXGroup;
			children = (
				8714BAC619BDAB8000D74320 /* eko.png */,
				87ADDD4D19B2450B00F758DA /* AppDelegate.swift */,
				87ADDD4F19B2450B00F758DA /* ViewController.swift */,
				87ADDD5119B2450C00F758DA /* Main.storyboard */,
				87ADDD5419B2450C00F758DA /* Images.xcassets */,
				87ADDD4B19B2450B00F758DA /* Supporting Files */,
			);
			path = toolbar;
			sourceTree = "<group>";
		};
		87ADDD4B19B2450B00F758DA /* Supporting Files */ = {
			isa = PBXGroup;
			children = (
				87ADDD4C19B2450B00F758DA /* Info.plist */,
			);
			name = "Supporting Files";
			sourceTree = "<group>";
		};
		87ADDD5D19B2450C00F758DA /* toolbarTests */ = {
			isa = PBXGroup;
			children = (
				87ADDD6019B2450C00F758DA /* toolbarTests.swift */,
				87ADDD5E19B2450C00F758DA /* Supporting Files */,
			);
			path = toolbarTests;
			sourceTree = "<group>";
		};
		87ADDD5E19B2450C00F758DA /* Supporting Files */ = {
			isa = PBXGroup;
			children = (
				87ADDD5F19B2450C00F758DA /* Info.plist */,
			);
			name = "Supporting Files";
			sourceTree = "<group>";
		};
/* End PBXGroup section */

/* Begin PBXNativeTarget section */
		87ADDD4719B2450B00F758DA /* toolbar */ = {
			isa = PBXNativeTarget;
			buildConfigurationList = 87ADDD6419B2450C00F758DA /* Build configuration list for PBXNativeTarget "toolbar" */;
			buildPhases = (
				87ADDD4419B2450B00F758DA /* Sources */,
				87ADDD4519B2450B00F758DA /* Frameworks */,
				87ADDD4619B2450B00F758DA /* Resources */,
			);
			buildRules = (
			);
			dependencies = (
			);
			name = toolbar;
			productName = toolbar;
			productReference = 87ADDD4819B2450B00F758DA /* toolbar.app */;
			productType = "com.apple.product-type.application";
		};
		87ADDD5919B2450C00F758DA /* toolbarTests */ = {
			isa = PBXNativeTarget;
			buildConfigurationList = 87ADDD6719B2450C00F758DA /* Build configuration list for PBXNativeTarget "toolbarTests" */;
			buildPhases = (
				87ADDD5619B2450C00F758DA /* Sources */,
				87ADDD5719B2450C00F758DA /* Frameworks */,
				87ADDD5819B2450C00F758DA /* Resources */,
			);
			buildRules = (
			);
			dependencies = (
				87ADDD5C19B2450C00F758DA /* PBXTargetDependency */,
			);
			name = toolbarTests;
			productName = toolbarTests;
			productReference = 87ADDD5A19B2450C00F758DA /* toolbarTests.xctest */;
			productType = "com.apple.product-type.bundle.unit-test";
		};
/* End PBXNativeTarget section */

/* Begin PBXProject section */
		87ADDD4019B2450B00F758DA /* Project object */ = {
			isa = PBXProject;
			attributes = {
				LastSwiftUpdateCheck = 0710;
				LastUpgradeCheck = 0600;
				ORGANIZATIONNAME = lovefancy;
				TargetAttributes = {
					87ADDD4719B2450B00F758DA = {
						CreatedOnToolsVersion = 6.0;
					};
					87ADDD5919B2450C00F758DA = {
						CreatedOnToolsVersion = 6.0;
						TestTargetID = 87ADDD4719B2450B00F758DA;
					};
				};
			};
			buildConfigurationList = 87ADDD4319B2450B00F758DA /* Build configuration list for PBXProject "toolbar" */;
			compatibilityVersion = "Xcode 3.2";
			developmentRegion = English;
			hasScannedForEncodings = 0;
			knownRegions = (
				en,
				Base,
			);
			mainGroup = 87ADDD3F19B2450B00F758DA;
			productRefGroup = 87ADDD4919B2450B00F758DA /* Products */;
			projectDirPath = "";
			projectRoot = "";
			targets = (
				87ADDD4719B2450B00F758DA /* toolbar */,
				87ADDD5919B2450C00F758DA /* toolbarTests */,
			);
		};
/* End PBXProject section */

/* Begin PBXResourcesBuildPhase section */
		87ADDD4619B2450B00F758DA /* Resources */ = {
			isa = PBXResourcesBuildPhase;
			buildActionMask = 2147483647;
			files = (
				87ADDD5319B2450C00F758DA /* Main.storyboard in Resources */,
				8714BAC719BDAB8000D74320 /* eko.png in Resources */,
				87ADDD5519B2450C00F758DA /* Images.xcassets in Resources */,
			);
			runOnlyForDeploymentPostprocessing = 0;
		};
		87ADDD5819B2450C00F758DA /* Resources */ = {
			isa = PBXResourcesBuildPhase;
			buildActionMask = 2147483647;
			files = (
			);
			runOnlyForDeploymentPostprocessing = 0;
		};
/* End PBXResourcesBuildPhase section */

/* Begin PBXSourcesBuildPhase section */
		87ADDD4419B2450B00F758DA /* Sources */ = {
			isa = PBXSourcesBuildPhase;
			buildActionMask = 2147483647;
			files = (
				87ADDD5019B2450B00F758DA /* ViewController.swift in Sources */,
				87ADDD4E19B2450B00F758DA /* AppDelegate.swift in Sources */,
			);
			runOnlyForDeploymentPostprocessing = 0;
		};
		87ADDD5619B2450C00F758DA /* Sources */ = {
			isa = PBXSourcesBuildPhase;
			buildActionMask = 2147483647;
			files = (
				87ADDD6119B2450C00F758DA /* toolbarTests.swift in Sources */,
			);
			runOnlyForDeploymentPostprocessing = 0;
		};
/* End PBXSourcesBuildPhase section */

/* Begin PBXTargetDependency section */
		87ADDD5C19B2450C00F758DA /* PBXTargetDependency */ = {
			isa = PBXTargetDependency;
			target = 87ADDD4719B2450B00F758DA /* toolbar */;
			targetProxy = 87ADDD5B19B2450C00F758DA /* PBXContainerItemProxy */;
		};
/* End PBXTargetDependency section */

/* Begin PBXVariantGroup section */
		87ADDD5119B2450C00F758DA /* Main.storyboard */ = {
			isa = PBXVariantGroup;
			children = (
				87ADDD5219B2450C00F758DA /* Base */,
			);
			name = Main.storyboard;
			sourceTree = "<group>";
		};
/* End PBXVariantGroup section */

/* Begin XCBuildConfiguration section */
		87ADDD6219B2450C00F758DA /* Debug */ = {
			isa = XCBuildConfiguration;
			buildSettings = {
				ALWAYS_SEARCH_USER_PATHS = NO;
				CLANG_CXX_LANGUAGE_STANDARD = "gnu++0x";
				CLANG_CXX_LIBRARY = "libc++";
				CLANG_ENABLE_MODULES = YES;
				CLANG_ENABLE_OBJC_ARC = YES;
				CLANG_WARN_BOOL_CONVERSION = YES;
				CLANG_WARN_CONSTANT_CONVERSION = YES;
				CLANG_WARN_DIRECT_OBJC_ISA_USAGE = YES_ERROR;
				CLANG_WARN_EMPTY_BODY = YES;
				CLANG_WARN_ENUM_CONVERSION = YES;
				CLANG_WARN_INT_CONVERSION = YES;
				CLANG_WARN_OBJC_ROOT_CLASS = YES_ERROR;
				CLANG_WARN_UNREACHABLE_CODE = YES;
				CLANG_WARN__DUPLICATE_METHOD_MATCH = YES;
				"CODE_SIGN_IDENTITY[sdk=iphoneos*]" = "iPhone Developer";
				COPY_PHASE_STRIP = NO;
				ENABLE_STRICT_OBJC_MSGSEND = YES;
				GCC_C_LANGUAGE_STANDARD = gnu99;
				GCC_DYNAMIC_NO_PIC = NO;
				GCC_OPTIMIZATION_LEVEL = 0;
				GCC_PREPROCESSOR_DEFINITIONS = (
					"DEBUG=1",
					"$(inherited)",
				);
				GCC_SYMBOLS_PRIVATE_EXTERN = NO;
				GCC_WARN_64_TO_32_BIT_CONVERSION = YES;
				GCC_WARN_ABOUT_RETURN_TYPE = YES_ERROR;
				GCC_WARN_UNDECLARED_SELECTOR = YES;
				GCC_WARN_UNINITIALIZED_AUTOS = YES_AGGRESSIVE;
				GCC_WARN_UNUSED_FUNCTION = YES;
				GCC_WARN_UNUSED_VARIABLE = YES;
				IPHONEOS_DEPLOYMENT_TARGET = 9.1;
				MTL_ENABLE_DEBUG_INFO = YES;
				ONLY_ACTIVE_ARCH = YES;
				SDKROOT = iphoneos;
				SWIFT_OPTIMIZATION_LEVEL = "-Onone";
				TARGETED_DEVICE_FAMILY = "1,2";
			};
			name = Debug;
		};
		87ADDD6319B2450C00F758DA /* Release */ = {
			isa = XCBuildConfiguration;
			buildSettings = {
				ALWAYS_SEARCH_USER_PATHS = NO;
				CLANG_CXX_LANGUAGE_STANDARD = "gnu++0x";
				CLANG_CXX_LIBRARY = "libc++";
				CLANG_ENABLE_MODULES = YES;
				CLANG_ENABLE_OBJC_ARC = YES;
				CLANG_WARN_BOOL_CONVERSION = YES;
				CLANG_WARN_CONSTANT_CONVERSION = YES;
				CLANG_WARN_DIRECT_OBJC_ISA_USAGE = YES_ERROR;
				CLANG_WARN_EMPTY_BODY = YES;
				CLANG_WARN_ENUM_CONVERSION = YES;
				CLANG_WARN_INT_CONVERSION = YES;
				CLANG_WARN_OBJC_ROOT_CLASS = YES_ERROR;
				CLANG_WARN_UNREACHABLE_CODE = YES;
				CLANG_WARN__DUPLICATE_METHOD_MATCH = YES;
				"CODE_SIGN_IDENTITY[sdk=iphoneos*]" = "iPhone Developer";
				COPY_PHASE_STRIP = YES;
				ENABLE_NS_ASSERTIONS = NO;
				ENABLE_STRICT_OBJC_MSGSEND = YES;
				GCC_C_LANGUAGE_STANDARD = gnu99;
				GCC_WARN_64_TO_32_BIT_CONVERSION = YES;
				GCC_WARN_ABOUT_RETURN_TYPE = YES_ERROR;
				GCC_WARN_UNDECLARED_SELECTOR = YES;
				GCC_WARN_UNINITIALIZED_AUTOS = YES_AGGRESSIVE;
				GCC_WARN_UNUSED_FUNCTION = YES;
				GCC_WARN_UNUSED_VARIABLE = YES;
				IPHONEOS_DEPLOYMENT_TARGET = 9.1;
				MTL_ENABLE_DEBUG_INFO = NO;
				SDKROOT = iphoneos;
				TARGETED_DEVICE_FAMILY = "1,2";
				VALIDATE_PRODUCT = YES;
			};
			name = Release;
		};
		87ADDD6519B2450C00F758DA /* Debug */ = {
			isa = XCBuildConfiguration;
			buildSettings = {
				ASSETCATALOG_COMPILER_APPICON_NAME = AppIcon;
				ASSETCATALOG_COMPILER_LAUNCHIMAGE_NAME = LaunchImage;
				INFOPLIST_FILE = toolbar/Info.plist;
				LD_RUNPATH_SEARCH_PATHS = "$(inherited) @executable_path/Frameworks";
				PRODUCT_NAME = "$(TARGET_NAME)";
			};
			name = Debug;
		};
		87ADDD6619B2450C00F758DA /* Release */ = {
			isa = XCBuildConfiguration;
			buildSettings = {
				ASSETCATALOG_COMPILER_APPICON_NAME = AppIcon;
				ASSETCATALOG_COMPILER_LAUNCHIMAGE_NAME = LaunchImage;
				INFOPLIST_FILE = toolbar/Info.plist;
				LD_RUNPATH_SEARCH_PATHS = "$(inherited) @executable_path/Frameworks";
				PRODUCT_NAME = "$(TARGET_NAME)";
			};
			name = Release;
		};
		87ADDD6819B2450C00F758DA /* Debug */ = {
			isa = XCBuildConfiguration;
			buildSettings = {
				BUNDLE_LOADER = "$(TEST_HOST)";
				FRAMEWORK_SEARCH_PATHS = (
					"$(SDKROOT)/Developer/Library/Frameworks",
					"$(inherited)",
				);
				GCC_PREPROCESSOR_DEFINITIONS = (
					"DEBUG=1",
					"$(inherited)",
				);
				INFOPLIST_FILE = toolbarTests/Info.plist;
				LD_RUNPATH_SEARCH_PATHS = "$(inherited) @executable_path/Frameworks @loader_path/Frameworks";
				PRODUCT_NAME = "$(TARGET_NAME)";
				TEST_HOST = "$(BUILT_PRODUCTS_DIR)/toolbar.app/toolbar";
			};
			name = Debug;
		};
		87ADDD6919B2450C00F758DA /* Release */ = {
			isa = XCBuildConfiguration;
			buildSettings = {
				BUNDLE_LOADER = "$(TEST_HOST)";
				FRAMEWORK_SEARCH_PATHS = (
					"$(SDKROOT)/Developer/Library/Frameworks",
					"$(inherited)",
				);
				INFOPLIST_FILE = toolbarTests/Info.plist;
				LD_RUNPATH_SEARCH_PATHS = "$(inherited) @executable_path/Frameworks @loader_path/Frameworks";
				PRODUCT_NAME = "$(TARGET_NAME)";
				TEST_HOST = "$(BUILT_PRODUCTS_DIR)/toolbar.app/toolbar";
			};
			name = Release;
		};
/* End XCBuildConfiguration section */

/* Begin XCConfigurationList section */
		87ADDD4319B2450B00F758DA /* Build configuration list for PBXProject "toolbar" */ = {
			isa = XCConfigurationList;
			buildConfigurations = (
				87ADDD6219B2450C00F758DA /* Debug */,
				87ADDD6319B2450C00F758DA /* Release */,
			);
			defaultConfigurationIsVisible = 0;
			defaultConfigurationName = Release;
		};
		87ADDD6419B2450C00F758DA /* Build configuration list for PBXNativeTarget "toolbar" */ = {
			isa = XCConfigurationList;
			buildConfigurations = (
				87ADDD6519B2450C00F758DA /* Debug */,
				87ADDD6619B2450C00F758DA /* Release */,
			);
			defaultConfigurationIsVisible = 0;
			defaultConfigurationName = Release;
		};
		87ADDD6719B2450C00F758DA /* Build configuration list for PBXNativeTarget "toolbarTests" */ = {
			isa = XCConfigurationList;
			buildConfigurations = (
				87ADDD6819B2450C00F758DA /* Debug */,
				87ADDD6919B2450C00F758DA /* Release */,
			);
			defaultConfigurationIsVisible = 0;
			defaultConfigurationName = Release;
		};
/* End XCConfigurationList section */
	};
	rootObject = 87ADDD4019B2450B00F758DA /* Project object */;
}
