// !$*UTF8*$!
{
	archiveVersion = 1;
	classes = {
	};
	objectVersion = 46;
	objects = {

/* Begin PBXBuildFile section */
		87ADDAF119AF79C100F758DA /* AppDelegate.swift in Sources */ = {isa = PBXBuildFile; fileRef = 87ADDAF019AF79C100F758DA /* AppDelegate.swift */; };
		87ADDAF319AF79C100F758DA /* ViewController.swift in Sources */ = {isa = PBXBuildFile; fileRef = 87ADDAF219AF79C100F758DA /* ViewController.swift */; };
		87ADDAF619AF79C100F758DA /* Main.storyboard in Resources */ = {isa = PBXBuildFile; fileRef = 87ADDAF419AF79C100F758DA /* Main.storyboard */; };
		87ADDAF819AF79C100F758DA /* Images.xcassets in Resources */ = {isa = PBXBuildFile; fileRef = 87ADDAF719AF79C100F758DA /* Images.xcassets */; };
		87ADDB0419AF79C100F758DA /* textfieldTests.swift in Sources */ = {isa = PBXBuildFile; fileRef = 87ADDB0319AF79C100F758DA /* textfieldTests.swift */; };
/* End PBXBuildFile section */

/* Begin PBXContainerItemProxy section */
		87ADDAFE19AF79C100F758DA /* PBXContainerItemProxy */ = {
			isa = PBXContainerItemProxy;
			containerPortal = 87ADDAE319AF79C100F758DA /* Project object */;
			proxyType = 1;
			remoteGlobalIDString = 87ADDAEA19AF79C100F758DA;
			remoteInfo = textfield;
		};
/* End PBXContainerItemProxy section */

/* Begin PBXFileReference section */
		87ADDAEB19AF79C100F758DA /* textfield.app */ = {isa = PBXFileReference; explicitFileType = wrapper.application; includeInIndex = 0; path = textfield.app; sourceTree = BUILT_PRODUCTS_DIR; };
		87ADDAEF19AF79C100F758DA /* Info.plist */ = {isa = PBXFileReference; lastKnownFileType = text.plist.xml; path = Info.plist; sourceTree = "<group>"; };
		87ADDAF019AF79C100F758DA /* AppDelegate.swift */ = {isa = PBXFileReference; lastKnownFileType = sourcecode.swift; path = AppDelegate.swift; sourceTree = "<group>"; };
		87ADDAF219AF79C100F758DA /* ViewController.swift */ = {isa = PBXFileReference; lastKnownFileType = sourcecode.swift; path = ViewController.swift; sourceTree = "<group>"; };
		87ADDAF519AF79C100F758DA /* Base */ = {isa = PBXFileReference; lastKnownFileType = file.storyboard; name = Base; path = Base.lproj/Main.storyboard; sourceTree = "<group>"; };
		87ADDAF719AF79C100F758DA /* Images.xcassets */ = {isa = PBXFileReference; lastKnownFileType = folder.assetcatalog; path = Images.xcassets; sourceTree = "<group>"; };
		87ADDAFD19AF79C100F758DA /* textfieldTests.xctest */ = {isa = PBXFileReference; explicitFileType = wrapper.cfbundle; includeInIndex = 0; path = textfieldTests.xctest; sourceTree = BUILT_PRODUCTS_DIR; };
		87ADDB0219AF79C100F758DA /* Info.plist */ = {isa = PBXFileReference; lastKnownFileType = text.plist.xml; path = Info.plist; sourceTree = "<group>"; };
		87ADDB0319AF79C100F758DA /* textfieldTests.swift */ = {isa = PBXFileReference; lastKnownFileType = sourcecode.swift; path = textfieldTests.swift; sourceTree = "<group>"; };
/* End PBXFileReference section */

/* Begin PBXFrameworksBuildPhase section */
		87ADDAE819AF79C100F758DA /* Frameworks */ = {
			isa = PBXFrameworksBuildPhase;
			buildActionMask = 2147483647;
			files = (
			);
			runOnlyForDeploymentPostprocessing = 0;
		};
		87ADDAFA19AF79C100F758DA /* Frameworks */ = {
			isa = PBXFrameworksBuildPhase;
			buildActionMask = 2147483647;
			files = (
			);
			runOnlyForDeploymentPostprocessing = 0;
		};
/* End PBXFrameworksBuildPhase section */

/* Begin PBXGroup section */
		87ADDAE219AF79C100F758DA = {
			isa = PBXGroup;
			children = (
				87ADDAED19AF79C100F758DA /* textfield */,
				87ADDB0019AF79C100F758DA /* textfieldTests */,
				87ADDAEC19AF79C100F758DA /* Products */,
			);
			sourceTree = "<group>";
		};
		87ADDAEC19AF79C100F758DA /* Products */ = {
			isa = PBXGroup;
			children = (
				87ADDAEB19AF79C100F758DA /* textfield.app */,
				87ADDAFD19AF79C100F758DA /* textfieldTests.xctest */,
			);
			name = Products;
			sourceTree = "<group>";
		};
		87ADDAED19AF79C100F758DA /* textfield */ = {
			isa = PBXGroup;
			children = (
				87ADDAF019AF79C100F758DA /* AppDelegate.swift */,
				87ADDAF219AF79C100F758DA /* ViewController.swift */,
				87ADDAF419AF79C100F758DA /* Main.storyboard */,
				87ADDAF719AF79C100F758DA /* Images.xcassets */,
				87ADDAEE19AF79C100F758DA /* Supporting Files */,
			);
			path = textfield;
			sourceTree = "<group>";
		};
		87ADDAEE19AF79C100F758DA /* Supporting Files */ = {
			isa = PBXGroup;
			children = (
				87ADDAEF19AF79C100F758DA /* Info.plist */,
			);
			name = "Supporting Files";
			sourceTree = "<group>";
		};
		87ADDB0019AF79C100F758DA /* textfieldTests */ = {
			isa = PBXGroup;
			children = (
				87ADDB0319AF79C100F758DA /* textfieldTests.swift */,
				87ADDB0119AF79C100F758DA /* Supporting Files */,
			);
			path = textfieldTests;
			sourceTree = "<group>";
		};
		87ADDB0119AF79C100F758DA /* Supporting Files */ = {
			isa = PBXGroup;
			children = (
				87ADDB0219AF79C100F758DA /* Info.plist */,
			);
			name = "Supporting Files";
			sourceTree = "<group>";
		};
/* End PBXGroup section */

/* Begin PBXNativeTarget section */
		87ADDAEA19AF79C100F758DA /* textfield */ = {
			isa = PBXNativeTarget;
			buildConfigurationList = 87ADDB0719AF79C100F758DA /* Build configuration list for PBXNativeTarget "textfield" */;
			buildPhases = (
				87ADDAE719AF79C100F758DA /* Sources */,
				87ADDAE819AF79C100F758DA /* Frameworks */,
				87ADDAE919AF79C100F758DA /* Resources */,
			);
			buildRules = (
			);
			dependencies = (
			);
			name = textfield;
			productName = textfield;
			productReference = 87ADDAEB19AF79C100F758DA /* textfield.app */;
			productType = "com.apple.product-type.application";
		};
		87ADDAFC19AF79C100F758DA /* textfieldTests */ = {
			isa = PBXNativeTarget;
			buildConfigurationList = 87ADDB0A19AF79C100F758DA /* Build configuration list for PBXNativeTarget "textfieldTests" */;
			buildPhases = (
				87ADDAF919AF79C100F758DA /* Sources */,
				87ADDAFA19AF79C100F758DA /* Frameworks */,
				87ADDAFB19AF79C100F758DA /* Resources */,
			);
			buildRules = (
			);
			dependencies = (
				87ADDAFF19AF79C100F758DA /* PBXTargetDependency */,
			);
			name = textfieldTests;
			productName = textfieldTests;
			productReference = 87ADDAFD19AF79C100F758DA /* textfieldTests.xctest */;
			productType = "com.apple.product-type.bundle.unit-test";
		};
/* End PBXNativeTarget section */

/* Begin PBXProject section */
		87ADDAE319AF79C100F758DA /* Project object */ = {
			isa = PBXProject;
			attributes = {
				LastSwiftMigration = 0710;
				LastSwiftUpdateCheck = 0710;
				LastUpgradeCheck = 0600;
				ORGANIZATIONNAME = lovefancy;
				TargetAttributes = {
					87ADDAEA19AF79C100F758DA = {
						CreatedOnToolsVersion = 6.0;
					};
					87ADDAFC19AF79C100F758DA = {
						CreatedOnToolsVersion = 6.0;
						TestTargetID = 87ADDAEA19AF79C100F758DA;
					};
				};
			};
			buildConfigurationList = 87ADDAE619AF79C100F758DA /* Build configuration list for PBXProject "textfield" */;
			compatibilityVersion = "Xcode 3.2";
			developmentRegion = English;
			hasScannedForEncodings = 0;
			knownRegions = (
				en,
				Base,
			);
			mainGroup = 87ADDAE219AF79C100F758DA;
			productRefGroup = 87ADDAEC19AF79C100F758DA /* Products */;
			projectDirPath = "";
			projectRoot = "";
			targets = (
				87ADDAEA19AF79C100F758DA /* textfield */,
				87ADDAFC19AF79C100F758DA /* textfieldTests */,
			);
		};
/* End PBXProject section */

/* Begin PBXResourcesBuildPhase section */
		87ADDAE919AF79C100F758DA /* Resources */ = {
			isa = PBXResourcesBuildPhase;
			buildActionMask = 2147483647;
			files = (
				87ADDAF619AF79C100F758DA /* Main.storyboard in Resources */,
				87ADDAF819AF79C100F758DA /* Images.xcassets in Resources */,
			);
			runOnlyForDeploymentPostprocessing = 0;
		};
		87ADDAFB19AF79C100F758DA /* Resources */ = {
			isa = PBXResourcesBuildPhase;
			buildActionMask = 2147483647;
			files = (
			);
			runOnlyForDeploymentPostprocessing = 0;
		};
/* End PBXResourcesBuildPhase section */

/* Begin PBXSourcesBuildPhase section */
		87ADDAE719AF79C100F758DA /* Sources */ = {
			isa = PBXSourcesBuildPhase;
			buildActionMask = 2147483647;
			files = (
				87ADDAF319AF79C100F758DA /* ViewController.swift in Sources */,
				87ADDAF119AF79C100F758DA /* AppDelegate.swift in Sources */,
			);
			runOnlyForDeploymentPostprocessing = 0;
		};
		87ADDAF919AF79C100F758DA /* Sources */ = {
			isa = PBXSourcesBuildPhase;
			buildActionMask = 2147483647;
			files = (
				87ADDB0419AF79C100F758DA /* textfieldTests.swift in Sources */,
			);
			runOnlyForDeploymentPostprocessing = 0;
		};
/* End PBXSourcesBuildPhase section */

/* Begin PBXTargetDependency section */
		87ADDAFF19AF79C100F758DA /* PBXTargetDependency */ = {
			isa = PBXTargetDependency;
			target = 87ADDAEA19AF79C100F758DA /* textfield */;
			targetProxy = 87ADDAFE19AF79C100F758DA /* PBXContainerItemProxy */;
		};
/* End PBXTargetDependency section */

/* Begin PBXVariantGroup section */
		87ADDAF419AF79C100F758DA /* Main.storyboard */ = {
			isa = PBXVariantGroup;
			children = (
				87ADDAF519AF79C100F758DA /* Base */,
			);
			name = Main.storyboard;
			sourceTree = "<group>";
		};
/* End PBXVariantGroup section */

/* Begin XCBuildConfiguration section */
		87ADDB0519AF79C100F758DA /* Debug */ = {
			isa = XCBuildConfiguration;
			buildSettings = {
				ALWAYS_SEARCH_USER_PATHS = NO;
				CLANG_CXX_LANGUAGE_STANDARD = "gnu++0x";
				CLANG_CXX_LIBRARY = "libc++";
				CLANG_ENABLE_MODULES = YES;
				CLANG_ENABLE_OBJC_ARC = YES;
				CLANG_WARN_BOOL_CONVERSION = YES;
				CLANG_WARN_CONSTANT_CONVERSION = YES;
				CLANG_WARN_DIRECT_OBJC_ISA_USAGE = YES_ERROR;
				CLANG_WARN_EMPTY_BODY = YES;
				CLANG_WARN_ENUM_CONVERSION = YES;
				CLANG_WARN_INT_CONVERSION = YES;
				CLANG_WARN_OBJC_ROOT_CLASS = YES_ERROR;
				CLANG_WARN_UNREACHABLE_CODE = YES;
				CLANG_WARN__DUPLICATE_METHOD_MATCH = YES;
				"CODE_SIGN_IDENTITY[sdk=iphoneos*]" = "iPhone Developer";
				COPY_PHASE_STRIP = NO;
				ENABLE_STRICT_OBJC_MSGSEND = YES;
				GCC_C_LANGUAGE_STANDARD = gnu99;
				GCC_DYNAMIC_NO_PIC = NO;
				GCC_OPTIMIZATION_LEVEL = 0;
				GCC_PREPROCESSOR_DEFINITIONS = (
					"DEBUG=1",
					"$(inherited)",
				);
				GCC_SYMBOLS_PRIVATE_EXTERN = NO;
				GCC_WARN_64_TO_32_BIT_CONVERSION = YES;
				GCC_WARN_ABOUT_RETURN_TYPE = YES_ERROR;
				GCC_WARN_UNDECLARED_SELECTOR = YES;
				GCC_WARN_UNINITIALIZED_AUTOS = YES_AGGRESSIVE;
				GCC_WARN_UNUSED_FUNCTION = YES;
				GCC_WARN_UNUSED_VARIABLE = YES;
				IPHONEOS_DEPLOYMENT_TARGET = 8.0;
				MTL_ENABLE_DEBUG_INFO = YES;
				ONLY_ACTIVE_ARCH = YES;
				SDKROOT = iphoneos;
				SWIFT_OPTIMIZATION_LEVEL = "-Onone";
				TARGETED_DEVICE_FAMILY = "1,2";
			};
			name = Debug;
		};
		87ADDB0619AF79C100F758DA /* Release */ = {
			isa = XCBuildConfiguration;
			buildSettings = {
				ALWAYS_SEARCH_USER_PATHS = NO;
				CLANG_CXX_LANGUAGE_STANDARD = "gnu++0x";
				CLANG_CXX_LIBRARY = "libc++";
				CLANG_ENABLE_MODULES = YES;
				CLANG_ENABLE_OBJC_ARC = YES;
				CLANG_WARN_BOOL_CONVERSION = YES;
				CLANG_WARN_CONSTANT_CONVERSION = YES;
				CLANG_WARN_DIRECT_OBJC_ISA_USAGE = YES_ERROR;
				CLANG_WARN_EMPTY_BODY = YES;
				CLANG_WARN_ENUM_CONVERSION = YES;
				CLANG_WARN_INT_CONVERSION = YES;
				CLANG_WARN_OBJC_ROOT_CLASS = YES_ERROR;
				CLANG_WARN_UNREACHABLE_CODE = YES;
				CLANG_WARN__DUPLICATE_METHOD_MATCH = YES;
				"CODE_SIGN_IDENTITY[sdk=iphoneos*]" = "iPhone Developer";
				COPY_PHASE_STRIP = YES;
				ENABLE_NS_ASSERTIONS = NO;
				ENABLE_STRICT_OBJC_MSGSEND = YES;
				GCC_C_LANGUAGE_STANDARD = gnu99;
				GCC_WARN_64_TO_32_BIT_CONVERSION = YES;
				GCC_WARN_ABOUT_RETURN_TYPE = YES_ERROR;
				GCC_WARN_UNDECLARED_SELECTOR = YES;
				GCC_WARN_UNINITIALIZED_AUTOS = YES_AGGRESSIVE;
				GCC_WARN_UNUSED_FUNCTION = YES;
				GCC_WARN_UNUSED_VARIABLE = YES;
				IPHONEOS_DEPLOYMENT_TARGET = 8.0;
				MTL_ENABLE_DEBUG_INFO = NO;
				SDKROOT = iphoneos;
				TARGETED_DEVICE_FAMILY = "1,2";
				VALIDATE_PRODUCT = YES;
			};
			name = Release;
		};
		87ADDB0819AF79C100F758DA /* Debug */ = {
			isa = XCBuildConfiguration;
			buildSettings = {
				ASSETCATALOG_COMPILER_APPICON_NAME = AppIcon;
				ASSETCATALOG_COMPILER_LAUNCHIMAGE_NAME = LaunchImage;
				INFOPLIST_FILE = textfield/Info.plist;
				LD_RUNPATH_SEARCH_PATHS = "$(inherited) @executable_path/Frameworks";
				PRODUCT_NAME = "$(TARGET_NAME)";
			};
			name = Debug;
		};
		87ADDB0919AF79C100F758DA /* Release */ = {
			isa = XCBuildConfiguration;
			buildSettings = {
				ASSETCATALOG_COMPILER_APPICON_NAME = AppIcon;
				ASSETCATALOG_COMPILER_LAUNCHIMAGE_NAME = LaunchImage;
				INFOPLIST_FILE = textfield/Info.plist;
				LD_RUNPATH_SEARCH_PATHS = "$(inherited) @executable_path/Frameworks";
				PRODUCT_NAME = "$(TARGET_NAME)";
			};
			name = Release;
		};
		87ADDB0B19AF79C100F758DA /* Debug */ = {
			isa = XCBuildConfiguration;
			buildSettings = {
				BUNDLE_LOADER = "$(TEST_HOST)";
				FRAMEWORK_SEARCH_PATHS = (
					"$(SDKROOT)/Developer/Library/Frameworks",
					"$(inherited)",
				);
				GCC_PREPROCESSOR_DEFINITIONS = (
					"DEBUG=1",
					"$(inherited)",
				);
				INFOPLIST_FILE = textfieldTests/Info.plist;
				LD_RUNPATH_SEARCH_PATHS = "$(inherited) @executable_path/Frameworks @loader_path/Frameworks";
				PRODUCT_NAME = "$(TARGET_NAME)";
				TEST_HOST = "$(BUILT_PRODUCTS_DIR)/textfield.app/textfield";
			};
			name = Debug;
		};
		87ADDB0C19AF79C100F758DA /* Release */ = {
			isa = XCBuildConfiguration;
			buildSettings = {
				BUNDLE_LOADER = "$(TEST_HOST)";
				FRAMEWORK_SEARCH_PATHS = (
					"$(SDKROOT)/Developer/Library/Frameworks",
					"$(inherited)",
				);
				INFOPLIST_FILE = textfieldTests/Info.plist;
				LD_RUNPATH_SEARCH_PATHS = "$(inherited) @executable_path/Frameworks @loader_path/Frameworks";
				PRODUCT_NAME = "$(TARGET_NAME)";
				TEST_HOST = "$(BUILT_PRODUCTS_DIR)/textfield.app/textfield";
			};
			name = Release;
		};
/* End XCBuildConfiguration section */

/* Begin XCConfigurationList section */
		87ADDAE619AF79C100F758DA /* Build configuration list for PBXProject "textfield" */ = {
			isa = XCConfigurationList;
			buildConfigurations = (
				87ADDB0519AF79C100F758DA /* Debug */,
				87ADDB0619AF79C100F758DA /* Release */,
			);
			defaultConfigurationIsVisible = 0;
			defaultConfigurationName = Release;
		};
		87ADDB0719AF79C100F758DA /* Build configuration list for PBXNativeTarget "textfield" */ = {
			isa = XCConfigurationList;
			buildConfigurations = (
				87ADDB0819AF79C100F758DA /* Debug */,
				87ADDB0919AF79C100F758DA /* Release */,
			);
			defaultConfigurationIsVisible = 0;
			defaultConfigurationName = Release;
		};
		87ADDB0A19AF79C100F758DA /* Build configuration list for PBXNativeTarget "textfieldTests" */ = {
			isa = XCConfigurationList;
			buildConfigurations = (
				87ADDB0B19AF79C100F758DA /* Debug */,
				87ADDB0C19AF79C100F758DA /* Release */,
			);
			defaultConfigurationIsVisible = 0;
			defaultConfigurationName = Release;
		};
/* End XCConfigurationList section */
	};
	rootObject = 87ADDAE319AF79C100F758DA /* Project object */;
}
