// !$*UTF8*$!
{
	archiveVersion = 1;
	classes = {
	};
	objectVersion = 46;
	objects = {

/* Begin PBXBuildFile section */
		87E2ECDD19C181400097242C /* AppDelegate.swift in Sources */ = {isa = PBXBuildFile; fileRef = 87E2ECDC19C181400097242C /* AppDelegate.swift */; };
		87E2ECDF19C181400097242C /* ViewController.swift in Sources */ = {isa = PBXBuildFile; fileRef = 87E2ECDE19C181400097242C /* ViewController.swift */; };
		87E2ECE219C181400097242C /* Main.storyboard in Resources */ = {isa = PBXBuildFile; fileRef = 87E2ECE019C181400097242C /* Main.storyboard */; };
		87E2ECE419C181400097242C /* Images.xcassets in Resources */ = {isa = PBXBuildFile; fileRef = 87E2ECE319C181400097242C /* Images.xcassets */; };
		87E2ECF019C181400097242C /* DragTests.swift in Sources */ = {isa = PBXBuildFile; fileRef = 87E2ECEF19C181400097242C /* DragTests.swift */; };
		87E2ED0319C18D000097242C /* Background.png in Resources */ = {isa = PBXBuildFile; fileRef = 87E2ECFA19C18D000097242C /* Background.png */; };
		87E2ED0419C18D000097242C /* Button-Highlighted.png in Resources */ = {isa = PBXBuildFile; fileRef = 87E2ECFB19C18D000097242C /* Button-Highlighted.png */; };
		87E2ED0519C18D000097242C /* Button-Normal.png in Resources */ = {isa = PBXBuildFile; fileRef = 87E2ECFC19C18D000097242C /* Button-Normal.png */; };
		87E2ED0619C18D000097242C /* SliderThumb-Highlighted.png in Resources */ = {isa = PBXBuildFile; fileRef = 87E2ECFD19C18D000097242C /* SliderThumb-Highlighted.png */; };
		87E2ED0719C18D000097242C /* SliderThumb-Normal.png in Resources */ = {isa = PBXBuildFile; fileRef = 87E2ECFE19C18D000097242C /* SliderThumb-Normal.png */; };
		87E2ED0819C18D000097242C /* SliderTrackLeft.png in Resources */ = {isa = PBXBuildFile; fileRef = 87E2ECFF19C18D000097242C /* SliderTrackLeft.png */; };
		87E2ED0919C18D000097242C /* SliderTrackRight.png in Resources */ = {isa = PBXBuildFile; fileRef = 87E2ED0019C18D000097242C /* SliderTrackRight.png */; };
/* End PBXBuildFile section */

/* Begin PBXContainerItemProxy section */
		87E2ECEA19C181400097242C /* PBXContainerItemProxy */ = {
			isa = PBXContainerItemProxy;
			containerPortal = 87E2ECCF19C181400097242C /* Project object */;
			proxyType = 1;
			remoteGlobalIDString = 87E2ECD619C181400097242C;
			remoteInfo = Drag;
		};
/* End PBXContainerItemProxy section */

/* Begin PBXFileReference section */
		87E2ECD719C181400097242C /* Drag.app */ = {isa = PBXFileReference; explicitFileType = wrapper.application; includeInIndex = 0; path = Drag.app; sourceTree = BUILT_PRODUCTS_DIR; };
		87E2ECDB19C181400097242C /* Info.plist */ = {isa = PBXFileReference; lastKnownFileType = text.plist.xml; path = Info.plist; sourceTree = "<group>"; };
		87E2ECDC19C181400097242C /* AppDelegate.swift */ = {isa = PBXFileReference; lastKnownFileType = sourcecode.swift; path = AppDelegate.swift; sourceTree = "<group>"; };
		87E2ECDE19C181400097242C /* ViewController.swift */ = {isa = PBXFileReference; lastKnownFileType = sourcecode.swift; path = ViewController.swift; sourceTree = "<group>"; };
		87E2ECE119C181400097242C /* Base */ = {isa = PBXFileReference; lastKnownFileType = file.storyboard; name = Base; path = Base.lproj/Main.storyboard; sourceTree = "<group>"; };
		87E2ECE319C181400097242C /* Images.xcassets */ = {isa = PBXFileReference; lastKnownFileType = folder.assetcatalog; path = Images.xcassets; sourceTree = "<group>"; };
		87E2ECE919C181400097242C /* DragTests.xctest */ = {isa = PBXFileReference; explicitFileType = wrapper.cfbundle; includeInIndex = 0; path = DragTests.xctest; sourceTree = BUILT_PRODUCTS_DIR; };
		87E2ECEE19C181400097242C /* Info.plist */ = {isa = PBXFileReference; lastKnownFileType = text.plist.xml; path = Info.plist; sourceTree = "<group>"; };
		87E2ECEF19C181400097242C /* DragTests.swift */ = {isa = PBXFileReference; lastKnownFileType = sourcecode.swift; path = DragTests.swift; sourceTree = "<group>"; };
		87E2ECFA19C18D000097242C /* Background.png */ = {isa = PBXFileReference; lastKnownFileType = image.png; path = Background.png; sourceTree = "<group>"; };
		87E2ECFB19C18D000097242C /* Button-Highlighted.png */ = {isa = PBXFileReference; lastKnownFileType = image.png; path = "Button-Highlighted.png"; sourceTree = "<group>"; };
		87E2ECFC19C18D000097242C /* Button-Normal.png */ = {isa = PBXFileReference; lastKnownFileType = image.png; path = "Button-Normal.png"; sourceTree = "<group>"; };
		87E2ECFD19C18D000097242C /* SliderThumb-Highlighted.png */ = {isa = PBXFileReference; lastKnownFileType = image.png; path = "SliderThumb-Highlighted.png"; sourceTree = "<group>"; };
		87E2ECFE19C18D000097242C /* SliderThumb-Normal.png */ = {isa = PBXFileReference; lastKnownFileType = image.png; path = "SliderThumb-Normal.png"; sourceTree = "<group>"; };
		87E2ECFF19C18D000097242C /* SliderTrackLeft.png */ = {isa = PBXFileReference; lastKnownFileType = image.png; path = SliderTrackLeft.png; sourceTree = "<group>"; };
		87E2ED0019C18D000097242C /* SliderTrackRight.png */ = {isa = PBXFileReference; lastKnownFileType = image.png; path = SliderTrackRight.png; sourceTree = "<group>"; };
/* End PBXFileReference section */

/* Begin PBXFrameworksBuildPhase section */
		87E2ECD419C181400097242C /* Frameworks */ = {
			isa = PBXFrameworksBuildPhase;
			buildActionMask = 2147483647;
			files = (
			);
			runOnlyForDeploymentPostprocessing = 0;
		};
		87E2ECE619C181400097242C /* Frameworks */ = {
			isa = PBXFrameworksBuildPhase;
			buildActionMask = 2147483647;
			files = (
			);
			runOnlyForDeploymentPostprocessing = 0;
		};
/* End PBXFrameworksBuildPhase section */

/* Begin PBXGroup section */
		87E2ECCE19C181400097242C = {
			isa = PBXGroup;
			children = (
				87E2ECD919C181400097242C /* Drag */,
				87E2ECEC19C181400097242C /* DragTests */,
				87E2ECD819C181400097242C /* Products */,
			);
			sourceTree = "<group>";
		};
		87E2ECD819C181400097242C /* Products */ = {
			isa = PBXGroup;
			children = (
				87E2ECD719C181400097242C /* Drag.app */,
				87E2ECE919C181400097242C /* DragTests.xctest */,
			);
			name = Products;
			sourceTree = "<group>";
		};
		87E2ECD919C181400097242C /* Drag */ = {
			isa = PBXGroup;
			children = (
				87E2ECF919C18CEC0097242C /* images */,
				87E2ECDC19C181400097242C /* AppDelegate.swift */,
				87E2ECDE19C181400097242C /* ViewController.swift */,
				87E2ECE019C181400097242C /* Main.storyboard */,
				87E2ECE319C181400097242C /* Images.xcassets */,
				87E2ECDA19C181400097242C /* Supporting Files */,
			);
			path = Drag;
			sourceTree = "<group>";
		};
		87E2ECDA19C181400097242C /* Supporting Files */ = {
			isa = PBXGroup;
			children = (
				87E2ECDB19C181400097242C /* Info.plist */,
			);
			name = "Supporting Files";
			sourceTree = "<group>";
		};
		87E2ECEC19C181400097242C /* DragTests */ = {
			isa = PBXGroup;
			children = (
				87E2ECEF19C181400097242C /* DragTests.swift */,
				87E2ECED19C181400097242C /* Supporting Files */,
			);
			path = DragTests;
			sourceTree = "<group>";
		};
		87E2ECED19C181400097242C /* Supporting Files */ = {
			isa = PBXGroup;
			children = (
				87E2ECEE19C181400097242C /* Info.plist */,
			);
			name = "Supporting Files";
			sourceTree = "<group>";
		};
		87E2ECF919C18CEC0097242C /* images */ = {
			isa = PBXGroup;
			children = (
				87E2ECFA19C18D000097242C /* Background.png */,
				87E2ECFB19C18D000097242C /* Button-Highlighted.png */,
				87E2ECFC19C18D000097242C /* Button-Normal.png */,
				87E2ECFD19C18D000097242C /* SliderThumb-Highlighted.png */,
				87E2ECFE19C18D000097242C /* SliderThumb-Normal.png */,
				87E2ECFF19C18D000097242C /* SliderTrackLeft.png */,
				87E2ED0019C18D000097242C /* SliderTrackRight.png */,
			);
			name = images;
			sourceTree = "<group>";
		};
/* End PBXGroup section */

/* Begin PBXNativeTarget section */
		87E2ECD619C181400097242C /* Drag */ = {
			isa = PBXNativeTarget;
			buildConfigurationList = 87E2ECF319C181400097242C /* Build configuration list for PBXNativeTarget "Drag" */;
			buildPhases = (
				87E2ECD319C181400097242C /* Sources */,
				87E2ECD419C181400097242C /* Frameworks */,
				87E2ECD519C181400097242C /* Resources */,
			);
			buildRules = (
			);
			dependencies = (
			);
			name = Drag;
			productName = Drag;
			productReference = 87E2ECD719C181400097242C /* Drag.app */;
			productType = "com.apple.product-type.application";
		};
		87E2ECE819C181400097242C /* DragTests */ = {
			isa = PBXNativeTarget;
			buildConfigurationList = 87E2ECF619C181400097242C /* Build configuration list for PBXNativeTarget "DragTests" */;
			buildPhases = (
				87E2ECE519C181400097242C /* Sources */,
				87E2ECE619C181400097242C /* Frameworks */,
				87E2ECE719C181400097242C /* Resources */,
			);
			buildRules = (
			);
			dependencies = (
				87E2ECEB19C181400097242C /* PBXTargetDependency */,
			);
			name = DragTests;
			productName = DragTests;
			productReference = 87E2ECE919C181400097242C /* DragTests.xctest */;
			productType = "com.apple.product-type.bundle.unit-test";
		};
/* End PBXNativeTarget section */

/* Begin PBXProject section */
		87E2ECCF19C181400097242C /* Project object */ = {
			isa = PBXProject;
			attributes = {
				LastSwiftUpdateCheck = 0710;
				LastUpgradeCheck = 0600;
				ORGANIZATIONNAME = lovefancy;
				TargetAttributes = {
					87E2ECD619C181400097242C = {
						CreatedOnToolsVersion = 6.0;
					};
					87E2ECE819C181400097242C = {
						CreatedOnToolsVersion = 6.0;
						TestTargetID = 87E2ECD619C181400097242C;
					};
				};
			};
			buildConfigurationList = 87E2ECD219C181400097242C /* Build configuration list for PBXProject "Drag" */;
			compatibilityVersion = "Xcode 3.2";
			developmentRegion = English;
			hasScannedForEncodings = 0;
			knownRegions = (
				en,
				Base,
			);
			mainGroup = 87E2ECCE19C181400097242C;
			productRefGroup = 87E2ECD819C181400097242C /* Products */;
			projectDirPath = "";
			projectRoot = "";
			targets = (
				87E2ECD619C181400097242C /* Drag */,
				87E2ECE819C181400097242C /* DragTests */,
			);
		};
/* End PBXProject section */

/* Begin PBXResourcesBuildPhase section */
		87E2ECD519C181400097242C /* Resources */ = {
			isa = PBXResourcesBuildPhase;
			buildActionMask = 2147483647;
			files = (
				87E2ED0319C18D000097242C /* Background.png in Resources */,
				87E2ED0819C18D000097242C /* SliderTrackLeft.png in Resources */,
				87E2ECE219C181400097242C /* Main.storyboard in Resources */,
				87E2ECE419C181400097242C /* Images.xcassets in Resources */,
				87E2ED0619C18D000097242C /* SliderThumb-Highlighted.png in Resources */,
				87E2ED0919C18D000097242C /* SliderTrackRight.png in Resources */,
				87E2ED0719C18D000097242C /* SliderThumb-Normal.png in Resources */,
				87E2ED0519C18D000097242C /* Button-Normal.png in Resources */,
				87E2ED0419C18D000097242C /* Button-Highlighted.png in Resources */,
			);
			runOnlyForDeploymentPostprocessing = 0;
		};
		87E2ECE719C181400097242C /* Resources */ = {
			isa = PBXResourcesBuildPhase;
			buildActionMask = 2147483647;
			files = (
			);
			runOnlyForDeploymentPostprocessing = 0;
		};
/* End PBXResourcesBuildPhase section */

/* Begin PBXSourcesBuildPhase section */
		87E2ECD319C181400097242C /* Sources */ = {
			isa = PBXSourcesBuildPhase;
			buildActionMask = 2147483647;
			files = (
				87E2ECDF19C181400097242C /* ViewController.swift in Sources */,
				87E2ECDD19C181400097242C /* AppDelegate.swift in Sources */,
			);
			runOnlyForDeploymentPostprocessing = 0;
		};
		87E2ECE519C181400097242C /* Sources */ = {
			isa = PBXSourcesBuildPhase;
			buildActionMask = 2147483647;
			files = (
				87E2ECF019C181400097242C /* DragTests.swift in Sources */,
			);
			runOnlyForDeploymentPostprocessing = 0;
		};
/* End PBXSourcesBuildPhase section */

/* Begin PBXTargetDependency section */
		87E2ECEB19C181400097242C /* PBXTargetDependency */ = {
			isa = PBXTargetDependency;
			target = 87E2ECD619C181400097242C /* Drag */;
			targetProxy = 87E2ECEA19C181400097242C /* PBXContainerItemProxy */;
		};
/* End PBXTargetDependency section */

/* Begin PBXVariantGroup section */
		87E2ECE019C181400097242C /* Main.storyboard */ = {
			isa = PBXVariantGroup;
			children = (
				87E2ECE119C181400097242C /* Base */,
			);
			name = Main.storyboard;
			sourceTree = "<group>";
		};
/* End PBXVariantGroup section */

/* Begin XCBuildConfiguration section */
		87E2ECF119C181400097242C /* Debug */ = {
			isa = XCBuildConfiguration;
			buildSettings = {
				ALWAYS_SEARCH_USER_PATHS = NO;
				CLANG_CXX_LANGUAGE_STANDARD = "gnu++0x";
				CLANG_CXX_LIBRARY = "libc++";
				CLANG_ENABLE_MODULES = YES;
				CLANG_ENABLE_OBJC_ARC = YES;
				CLANG_WARN_BOOL_CONVERSION = YES;
				CLANG_WARN_CONSTANT_CONVERSION = YES;
				CLANG_WARN_DIRECT_OBJC_ISA_USAGE = YES_ERROR;
				CLANG_WARN_EMPTY_BODY = YES;
				CLANG_WARN_ENUM_CONVERSION = YES;
				CLANG_WARN_INT_CONVERSION = YES;
				CLANG_WARN_OBJC_ROOT_CLASS = YES_ERROR;
				CLANG_WARN_UNREACHABLE_CODE = YES;
				CLANG_WARN__DUPLICATE_METHOD_MATCH = YES;
				"CODE_SIGN_IDENTITY[sdk=iphoneos*]" = "iPhone Developer";
				COPY_PHASE_STRIP = NO;
				ENABLE_STRICT_OBJC_MSGSEND = YES;
				GCC_C_LANGUAGE_STANDARD = gnu99;
				GCC_DYNAMIC_NO_PIC = NO;
				GCC_OPTIMIZATION_LEVEL = 0;
				GCC_PREPROCESSOR_DEFINITIONS = (
					"DEBUG=1",
					"$(inherited)",
				);
				GCC_SYMBOLS_PRIVATE_EXTERN = NO;
				GCC_WARN_64_TO_32_BIT_CONVERSION = YES;
				GCC_WARN_ABOUT_RETURN_TYPE = YES_ERROR;
				GCC_WARN_UNDECLARED_SELECTOR = YES;
				GCC_WARN_UNINITIALIZED_AUTOS = YES_AGGRESSIVE;
				GCC_WARN_UNUSED_FUNCTION = YES;
				GCC_WARN_UNUSED_VARIABLE = YES;
				IPHONEOS_DEPLOYMENT_TARGET = 8.0;
				MTL_ENABLE_DEBUG_INFO = YES;
				ONLY_ACTIVE_ARCH = YES;
				SDKROOT = iphoneos;
				SWIFT_OPTIMIZATION_LEVEL = "-Onone";
			};
			name = Debug;
		};
		87E2ECF219C181400097242C /* Release */ = {
			isa = XCBuildConfiguration;
			buildSettings = {
				ALWAYS_SEARCH_USER_PATHS = NO;
				CLANG_CXX_LANGUAGE_STANDARD = "gnu++0x";
				CLANG_CXX_LIBRARY = "libc++";
				CLANG_ENABLE_MODULES = YES;
				CLANG_ENABLE_OBJC_ARC = YES;
				CLANG_WARN_BOOL_CONVERSION = YES;
				CLANG_WARN_CONSTANT_CONVERSION = YES;
				CLANG_WARN_DIRECT_OBJC_ISA_USAGE = YES_ERROR;
				CLANG_WARN_EMPTY_BODY = YES;
				CLANG_WARN_ENUM_CONVERSION = YES;
				CLANG_WARN_INT_CONVERSION = YES;
				CLANG_WARN_OBJC_ROOT_CLASS = YES_ERROR;
				CLANG_WARN_UNREACHABLE_CODE = YES;
				CLANG_WARN__DUPLICATE_METHOD_MATCH = YES;
				"CODE_SIGN_IDENTITY[sdk=iphoneos*]" = "iPhone Developer";
				COPY_PHASE_STRIP = YES;
				ENABLE_NS_ASSERTIONS = NO;
				ENABLE_STRICT_OBJC_MSGSEND = YES;
				GCC_C_LANGUAGE_STANDARD = gnu99;
				GCC_WARN_64_TO_32_BIT_CONVERSION = YES;
				GCC_WARN_ABOUT_RETURN_TYPE = YES_ERROR;
				GCC_WARN_UNDECLARED_SELECTOR = YES;
				GCC_WARN_UNINITIALIZED_AUTOS = YES_AGGRESSIVE;
				GCC_WARN_UNUSED_FUNCTION = YES;
				GCC_WARN_UNUSED_VARIABLE = YES;
				IPHONEOS_DEPLOYMENT_TARGET = 8.0;
				MTL_ENABLE_DEBUG_INFO = NO;
				SDKROOT = iphoneos;
				VALIDATE_PRODUCT = YES;
			};
			name = Release;
		};
		87E2ECF419C181400097242C /* Debug */ = {
			isa = XCBuildConfiguration;
			buildSettings = {
				ASSETCATALOG_COMPILER_APPICON_NAME = AppIcon;
				ASSETCATALOG_COMPILER_LAUNCHIMAGE_NAME = LaunchImage;
				INFOPLIST_FILE = Drag/Info.plist;
				LD_RUNPATH_SEARCH_PATHS = "$(inherited) @executable_path/Frameworks";
				PRODUCT_NAME = "$(TARGET_NAME)";
			};
			name = Debug;
		};
		87E2ECF519C181400097242C /* Release */ = {
			isa = XCBuildConfiguration;
			buildSettings = {
				ASSETCATALOG_COMPILER_APPICON_NAME = AppIcon;
				ASSETCATALOG_COMPILER_LAUNCHIMAGE_NAME = LaunchImage;
				INFOPLIST_FILE = Drag/Info.plist;
				LD_RUNPATH_SEARCH_PATHS = "$(inherited) @executable_path/Frameworks";
				PRODUCT_NAME = "$(TARGET_NAME)";
			};
			name = Release;
		};
		87E2ECF719C181400097242C /* Debug */ = {
			isa = XCBuildConfiguration;
			buildSettings = {
				BUNDLE_LOADER = "$(TEST_HOST)";
				FRAMEWORK_SEARCH_PATHS = (
					"$(SDKROOT)/Developer/Library/Frameworks",
					"$(inherited)",
				);
				GCC_PREPROCESSOR_DEFINITIONS = (
					"DEBUG=1",
					"$(inherited)",
				);
				INFOPLIST_FILE = DragTests/Info.plist;
				LD_RUNPATH_SEARCH_PATHS = "$(inherited) @executable_path/Frameworks @loader_path/Frameworks";
				PRODUCT_NAME = "$(TARGET_NAME)";
				TEST_HOST = "$(BUILT_PRODUCTS_DIR)/Drag.app/Drag";
			};
			name = Debug;
		};
		87E2ECF819C181400097242C /* Release */ = {
			isa = XCBuildConfiguration;
			buildSettings = {
				BUNDLE_LOADER = "$(TEST_HOST)";
				FRAMEWORK_SEARCH_PATHS = (
					"$(SDKROOT)/Developer/Library/Frameworks",
					"$(inherited)",
				);
				INFOPLIST_FILE = DragTests/Info.plist;
				LD_RUNPATH_SEARCH_PATHS = "$(inherited) @executable_path/Frameworks @loader_path/Frameworks";
				PRODUCT_NAME = "$(TARGET_NAME)";
				TEST_HOST = "$(BUILT_PRODUCTS_DIR)/Drag.app/Drag";
			};
			name = Release;
		};
/* End XCBuildConfiguration section */

/* Begin XCConfigurationList section */
		87E2ECD219C181400097242C /* Build configuration list for PBXProject "Drag" */ = {
			isa = XCConfigurationList;
			buildConfigurations = (
				87E2ECF119C181400097242C /* Debug */,
				87E2ECF219C181400097242C /* Release */,
			);
			defaultConfigurationIsVisible = 0;
			defaultConfigurationName = Release;
		};
		87E2ECF319C181400097242C /* Build configuration list for PBXNativeTarget "Drag" */ = {
			isa = XCConfigurationList;
			buildConfigurations = (
				87E2ECF419C181400097242C /* Debug */,
				87E2ECF519C181400097242C /* Release */,
			);
			defaultConfigurationIsVisible = 0;
			defaultConfigurationName = Release;
		};
		87E2ECF619C181400097242C /* Build configuration list for PBXNativeTarget "DragTests" */ = {
			isa = XCConfigurationList;
			buildConfigurations = (
				87E2ECF719C181400097242C /* Debug */,
				87E2ECF819C181400097242C /* Release */,
			);
			defaultConfigurationIsVisible = 0;
			defaultConfigurationName = Release;
		};
/* End XCConfigurationList section */
	};
	rootObject = 87E2ECCF19C181400097242C /* Project object */;
}
