// !$*UTF8*$!
{
	archiveVersion = 1;
	classes = {
	};
	objectVersion = 46;
	objects = {

/* Begin PBXBuildFile section */
		87ADDDD819B2EBD200F758DA /* AppDelegate.swift in Sources */ = {isa = PBXBuildFile; fileRef = 87ADDDD719B2EBD200F758DA /* AppDelegate.swift */; };
		87ADDDDA19B2EBD200F758DA /* ViewController.swift in Sources */ = {isa = PBXBuildFile; fileRef = 87ADDDD919B2EBD200F758DA /* ViewController.swift */; };
		87ADDDDD19B2EBD200F758DA /* Main.storyboard in Resources */ = {isa = PBXBuildFile; fileRef = 87ADDDDB19B2EBD200F758DA /* Main.storyboard */; };
		87ADDDDF19B2EBD200F758DA /* Images.xcassets in Resources */ = {isa = PBXBuildFile; fileRef = 87ADDDDE19B2EBD200F758DA /* Images.xcassets */; };
		87ADDDEB19B2EBD200F758DA /* navigationTests.swift in Sources */ = {isa = PBXBuildFile; fileRef = 87ADDDEA19B2EBD200F758DA /* navigationTests.swift */; };
/* End PBXBuildFile section */

/* Begin PBXContainerItemProxy section */
		87ADDDE519B2EBD200F758DA /* PBXContainerItemProxy */ = {
			isa = PBXContainerItemProxy;
			containerPortal = 87ADDDCA19B2EBD200F758DA /* Project object */;
			proxyType = 1;
			remoteGlobalIDString = 87ADDDD119B2EBD200F758DA;
			remoteInfo = navigation;
		};
/* End PBXContainerItemProxy section */

/* Begin PBXFileReference section */
		87ADDDD219B2EBD200F758DA /* navigation.app */ = {isa = PBXFileReference; explicitFileType = wrapper.application; includeInIndex = 0; path = navigation.app; sourceTree = BUILT_PRODUCTS_DIR; };
		87ADDDD619B2EBD200F758DA /* Info.plist */ = {isa = PBXFileReference; lastKnownFileType = text.plist.xml; path = Info.plist; sourceTree = "<group>"; };
		87ADDDD719B2EBD200F758DA /* AppDelegate.swift */ = {isa = PBXFileReference; lastKnownFileType = sourcecode.swift; path = AppDelegate.swift; sourceTree = "<group>"; };
		87ADDDD919B2EBD200F758DA /* ViewController.swift */ = {isa = PBXFileReference; lastKnownFileType = sourcecode.swift; path = ViewController.swift; sourceTree = "<group>"; };
		87ADDDDC19B2EBD200F758DA /* Base */ = {isa = PBXFileReference; lastKnownFileType = file.storyboard; name = Base; path = Base.lproj/Main.storyboard; sourceTree = "<group>"; };
		87ADDDDE19B2EBD200F758DA /* Images.xcassets */ = {isa = PBXFileReference; lastKnownFileType = folder.assetcatalog; path = Images.xcassets; sourceTree = "<group>"; };
		87ADDDE419B2EBD200F758DA /* navigationTests.xctest */ = {isa = PBXFileReference; explicitFileType = wrapper.cfbundle; includeInIndex = 0; path = navigationTests.xctest; sourceTree = BUILT_PRODUCTS_DIR; };
		87ADDDE919B2EBD200F758DA /* Info.plist */ = {isa = PBXFileReference; lastKnownFileType = text.plist.xml; path = Info.plist; sourceTree = "<group>"; };
		87ADDDEA19B2EBD200F758DA /* navigationTests.swift */ = {isa = PBXFileReference; lastKnownFileType = sourcecode.swift; path = navigationTests.swift; sourceTree = "<group>"; };
/* End PBXFileReference section */

/* Begin PBXFrameworksBuildPhase section */
		87ADDDCF19B2EBD200F758DA /* Frameworks */ = {
			isa = PBXFrameworksBuildPhase;
			buildActionMask = 2147483647;
			files = (
			);
			runOnlyForDeploymentPostprocessing = 0;
		};
		87ADDDE119B2EBD200F758DA /* Frameworks */ = {
			isa = PBXFrameworksBuildPhase;
			buildActionMask = 2147483647;
			files = (
			);
			runOnlyForDeploymentPostprocessing = 0;
		};
/* End PBXFrameworksBuildPhase section */

/* Begin PBXGroup section */
		87ADDDC919B2EBD200F758DA = {
			isa = PBXGroup;
			children = (
				87ADDDD419B2EBD200F758DA /* navigation */,
				87ADDDE719B2EBD200F758DA /* navigationTests */,
				87ADDDD319B2EBD200F758DA /* Products */,
			);
			sourceTree = "<group>";
		};
		87ADDDD319B2EBD200F758DA /* Products */ = {
			isa = PBXGroup;
			children = (
				87ADDDD219B2EBD200F758DA /* navigation.app */,
				87ADDDE419B2EBD200F758DA /* navigationTests.xctest */,
			);
			name = Products;
			sourceTree = "<group>";
		};
		87ADDDD419B2EBD200F758DA /* navigation */ = {
			isa = PBXGroup;
			children = (
				87ADDDD719B2EBD200F758DA /* AppDelegate.swift */,
				87ADDDD919B2EBD200F758DA /* ViewController.swift */,
				87ADDDDB19B2EBD200F758DA /* Main.storyboard */,
				87ADDDDE19B2EBD200F758DA /* Images.xcassets */,
				87ADDDD519B2EBD200F758DA /* Supporting Files */,
			);
			path = navigation;
			sourceTree = "<group>";
		};
		87ADDDD519B2EBD200F758DA /* Supporting Files */ = {
			isa = PBXGroup;
			children = (
				87ADDDD619B2EBD200F758DA /* Info.plist */,
			);
			name = "Supporting Files";
			sourceTree = "<group>";
		};
		87ADDDE719B2EBD200F758DA /* navigationTests */ = {
			isa = PBXGroup;
			children = (
				87ADDDEA19B2EBD200F758DA /* navigationTests.swift */,
				87ADDDE819B2EBD200F758DA /* Supporting Files */,
			);
			path = navigationTests;
			sourceTree = "<group>";
		};
		87ADDDE819B2EBD200F758DA /* Supporting Files */ = {
			isa = PBXGroup;
			children = (
				87ADDDE919B2EBD200F758DA /* Info.plist */,
			);
			name = "Supporting Files";
			sourceTree = "<group>";
		};
/* End PBXGroup section */

/* Begin PBXNativeTarget section */
		87ADDDD119B2EBD200F758DA /* navigation */ = {
			isa = PBXNativeTarget;
			buildConfigurationList = 87ADDDEE19B2EBD200F758DA /* Build configuration list for PBXNativeTarget "navigation" */;
			buildPhases = (
				87ADDDCE19B2EBD200F758DA /* Sources */,
				87ADDDCF19B2EBD200F758DA /* Frameworks */,
				87ADDDD019B2EBD200F758DA /* Resources */,
			);
			buildRules = (
			);
			dependencies = (
			);
			name = navigation;
			productName = navigation;
			productReference = 87ADDDD219B2EBD200F758DA /* navigation.app */;
			productType = "com.apple.product-type.application";
		};
		87ADDDE319B2EBD200F758DA /* navigationTests */ = {
			isa = PBXNativeTarget;
			buildConfigurationList = 87ADDDF119B2EBD200F758DA /* Build configuration list for PBXNativeTarget "navigationTests" */;
			buildPhases = (
				87ADDDE019B2EBD200F758DA /* Sources */,
				87ADDDE119B2EBD200F758DA /* Frameworks */,
				87ADDDE219B2EBD200F758DA /* Resources */,
			);
			buildRules = (
			);
			dependencies = (
				87ADDDE619B2EBD200F758DA /* PBXTargetDependency */,
			);
			name = navigationTests;
			productName = navigationTests;
			productReference = 87ADDDE419B2EBD200F758DA /* navigationTests.xctest */;
			productType = "com.apple.product-type.bundle.unit-test";
		};
/* End PBXNativeTarget section */

/* Begin PBXProject section */
		87ADDDCA19B2EBD200F758DA /* Project object */ = {
			isa = PBXProject;
			attributes = {
				LastSwiftMigration = 0710;
				LastSwiftUpdateCheck = 0710;
				LastUpgradeCheck = 0600;
				ORGANIZATIONNAME = lovefancy;
				TargetAttributes = {
					87ADDDD119B2EBD200F758DA = {
						CreatedOnToolsVersion = 6.0;
					};
					87ADDDE319B2EBD200F758DA = {
						CreatedOnToolsVersion = 6.0;
						TestTargetID = 87ADDDD119B2EBD200F758DA;
					};
				};
			};
			buildConfigurationList = 87ADDDCD19B2EBD200F758DA /* Build configuration list for PBXProject "navigation" */;
			compatibilityVersion = "Xcode 3.2";
			developmentRegion = English;
			hasScannedForEncodings = 0;
			knownRegions = (
				en,
				Base,
			);
			mainGroup = 87ADDDC919B2EBD200F758DA;
			productRefGroup = 87ADDDD319B2EBD200F758DA /* Products */;
			projectDirPath = "";
			projectRoot = "";
			targets = (
				87ADDDD119B2EBD200F758DA /* navigation */,
				87ADDDE319B2EBD200F758DA /* navigationTests */,
			);
		};
/* End PBXProject section */

/* Begin PBXResourcesBuildPhase section */
		87ADDDD019B2EBD200F758DA /* Resources */ = {
			isa = PBXResourcesBuildPhase;
			buildActionMask = 2147483647;
			files = (
				87ADDDDD19B2EBD200F758DA /* Main.storyboard in Resources */,
				87ADDDDF19B2EBD200F758DA /* Images.xcassets in Resources */,
			);
			runOnlyForDeploymentPostprocessing = 0;
		};
		87ADDDE219B2EBD200F758DA /* Resources */ = {
			isa = PBXResourcesBuildPhase;
			buildActionMask = 2147483647;
			files = (
			);
			runOnlyForDeploymentPostprocessing = 0;
		};
/* End PBXResourcesBuildPhase section */

/* Begin PBXSourcesBuildPhase section */
		87ADDDCE19B2EBD200F758DA /* Sources */ = {
			isa = PBXSourcesBuildPhase;
			buildActionMask = 2147483647;
			files = (
				87ADDDDA19B2EBD200F758DA /* ViewController.swift in Sources */,
				87ADDDD819B2EBD200F758DA /* AppDelegate.swift in Sources */,
			);
			runOnlyForDeploymentPostprocessing = 0;
		};
		87ADDDE019B2EBD200F758DA /* Sources */ = {
			isa = PBXSourcesBuildPhase;
			buildActionMask = 2147483647;
			files = (
				87ADDDEB19B2EBD200F758DA /* navigationTests.swift in Sources */,
			);
			runOnlyForDeploymentPostprocessing = 0;
		};
/* End PBXSourcesBuildPhase section */

/* Begin PBXTargetDependency section */
		87ADDDE619B2EBD200F758DA /* PBXTargetDependency */ = {
			isa = PBXTargetDependency;
			target = 87ADDDD119B2EBD200F758DA /* navigation */;
			targetProxy = 87ADDDE519B2EBD200F758DA /* PBXContainerItemProxy */;
		};
/* End PBXTargetDependency section */

/* Begin PBXVariantGroup section */
		87ADDDDB19B2EBD200F758DA /* Main.storyboard */ = {
			isa = PBXVariantGroup;
			children = (
				87ADDDDC19B2EBD200F758DA /* Base */,
			);
			name = Main.storyboard;
			sourceTree = "<group>";
		};
/* End PBXVariantGroup section */

/* Begin XCBuildConfiguration section */
		87ADDDEC19B2EBD200F758DA /* Debug */ = {
			isa = XCBuildConfiguration;
			buildSettings = {
				ALWAYS_SEARCH_USER_PATHS = NO;
				CLANG_CXX_LANGUAGE_STANDARD = "gnu++0x";
				CLANG_CXX_LIBRARY = "libc++";
				CLANG_ENABLE_MODULES = YES;
				CLANG_ENABLE_OBJC_ARC = YES;
				CLANG_WARN_BOOL_CONVERSION = YES;
				CLANG_WARN_CONSTANT_CONVERSION = YES;
				CLANG_WARN_DIRECT_OBJC_ISA_USAGE = YES_ERROR;
				CLANG_WARN_EMPTY_BODY = YES;
				CLANG_WARN_ENUM_CONVERSION = YES;
				CLANG_WARN_INT_CONVERSION = YES;
				CLANG_WARN_OBJC_ROOT_CLASS = YES_ERROR;
				CLANG_WARN_UNREACHABLE_CODE = YES;
				CLANG_WARN__DUPLICATE_METHOD_MATCH = YES;
				"CODE_SIGN_IDENTITY[sdk=iphoneos*]" = "iPhone Developer";
				COPY_PHASE_STRIP = NO;
				ENABLE_STRICT_OBJC_MSGSEND = YES;
				GCC_C_LANGUAGE_STANDARD = gnu99;
				GCC_DYNAMIC_NO_PIC = NO;
				GCC_OPTIMIZATION_LEVEL = 0;
				GCC_PREPROCESSOR_DEFINITIONS = (
					"DEBUG=1",
					"$(inherited)",
				);
				GCC_SYMBOLS_PRIVATE_EXTERN = NO;
				GCC_WARN_64_TO_32_BIT_CONVERSION = YES;
				GCC_WARN_ABOUT_RETURN_TYPE = YES_ERROR;
				GCC_WARN_UNDECLARED_SELECTOR = YES;
				GCC_WARN_UNINITIALIZED_AUTOS = YES_AGGRESSIVE;
				GCC_WARN_UNUSED_FUNCTION = YES;
				GCC_WARN_UNUSED_VARIABLE = YES;
				IPHONEOS_DEPLOYMENT_TARGET = 8.0;
				MTL_ENABLE_DEBUG_INFO = YES;
				ONLY_ACTIVE_ARCH = YES;
				SDKROOT = iphoneos;
				SWIFT_OPTIMIZATION_LEVEL = "-Onone";
			};
			name = Debug;
		};
		87ADDDED19B2EBD200F758DA /* Release */ = {
			isa = XCBuildConfiguration;
			buildSettings = {
				ALWAYS_SEARCH_USER_PATHS = NO;
				CLANG_CXX_LANGUAGE_STANDARD = "gnu++0x";
				CLANG_CXX_LIBRARY = "libc++";
				CLANG_ENABLE_MODULES = YES;
				CLANG_ENABLE_OBJC_ARC = YES;
				CLANG_WARN_BOOL_CONVERSION = YES;
				CLANG_WARN_CONSTANT_CONVERSION = YES;
				CLANG_WARN_DIRECT_OBJC_ISA_USAGE = YES_ERROR;
				CLANG_WARN_EMPTY_BODY = YES;
				CLANG_WARN_ENUM_CONVERSION = YES;
				CLANG_WARN_INT_CONVERSION = YES;
				CLANG_WARN_OBJC_ROOT_CLASS = YES_ERROR;
				CLANG_WARN_UNREACHABLE_CODE = YES;
				CLANG_WARN__DUPLICATE_METHOD_MATCH = YES;
				"CODE_SIGN_IDENTITY[sdk=iphoneos*]" = "iPhone Developer";
				COPY_PHASE_STRIP = YES;
				ENABLE_NS_ASSERTIONS = NO;
				ENABLE_STRICT_OBJC_MSGSEND = YES;
				GCC_C_LANGUAGE_STANDARD = gnu99;
				GCC_WARN_64_TO_32_BIT_CONVERSION = YES;
				GCC_WARN_ABOUT_RETURN_TYPE = YES_ERROR;
				GCC_WARN_UNDECLARED_SELECTOR = YES;
				GCC_WARN_UNINITIALIZED_AUTOS = YES_AGGRESSIVE;
				GCC_WARN_UNUSED_FUNCTION = YES;
				GCC_WARN_UNUSED_VARIABLE = YES;
				IPHONEOS_DEPLOYMENT_TARGET = 8.0;
				MTL_ENABLE_DEBUG_INFO = NO;
				SDKROOT = iphoneos;
				VALIDATE_PRODUCT = YES;
			};
			name = Release;
		};
		87ADDDEF19B2EBD200F758DA /* Debug */ = {
			isa = XCBuildConfiguration;
			buildSettings = {
				ASSETCATALOG_COMPILER_APPICON_NAME = AppIcon;
				ASSETCATALOG_COMPILER_LAUNCHIMAGE_NAME = LaunchImage;
				INFOPLIST_FILE = navigation/Info.plist;
				LD_RUNPATH_SEARCH_PATHS = "$(inherited) @executable_path/Frameworks";
				PRODUCT_NAME = "$(TARGET_NAME)";
			};
			name = Debug;
		};
		87ADDDF019B2EBD200F758DA /* Release */ = {
			isa = XCBuildConfiguration;
			buildSettings = {
				ASSETCATALOG_COMPILER_APPICON_NAME = AppIcon;
				ASSETCATALOG_COMPILER_LAUNCHIMAGE_NAME = LaunchImage;
				INFOPLIST_FILE = navigation/Info.plist;
				LD_RUNPATH_SEARCH_PATHS = "$(inherited) @executable_path/Frameworks";
				PRODUCT_NAME = "$(TARGET_NAME)";
			};
			name = Release;
		};
		87ADDDF219B2EBD200F758DA /* Debug */ = {
			isa = XCBuildConfiguration;
			buildSettings = {
				BUNDLE_LOADER = "$(TEST_HOST)";
				FRAMEWORK_SEARCH_PATHS = (
					"$(SDKROOT)/Developer/Library/Frameworks",
					"$(inherited)",
				);
				GCC_PREPROCESSOR_DEFINITIONS = (
					"DEBUG=1",
					"$(inherited)",
				);
				INFOPLIST_FILE = navigationTests/Info.plist;
				LD_RUNPATH_SEARCH_PATHS = "$(inherited) @executable_path/Frameworks @loader_path/Frameworks";
				PRODUCT_NAME = "$(TARGET_NAME)";
				TEST_HOST = "$(BUILT_PRODUCTS_DIR)/navigation.app/navigation";
			};
			name = Debug;
		};
		87ADDDF319B2EBD200F758DA /* Release */ = {
			isa = XCBuildConfiguration;
			buildSettings = {
				BUNDLE_LOADER = "$(TEST_HOST)";
				FRAMEWORK_SEARCH_PATHS = (
					"$(SDKROOT)/Developer/Library/Frameworks",
					"$(inherited)",
				);
				INFOPLIST_FILE = navigationTests/Info.plist;
				LD_RUNPATH_SEARCH_PATHS = "$(inherited) @executable_path/Frameworks @loader_path/Frameworks";
				PRODUCT_NAME = "$(TARGET_NAME)";
				TEST_HOST = "$(BUILT_PRODUCTS_DIR)/navigation.app/navigation";
			};
			name = Release;
		};
/* End XCBuildConfiguration section */

/* Begin XCConfigurationList section */
		87ADDDCD19B2EBD200F758DA /* Build configuration list for PBXProject "navigation" */ = {
			isa = XCConfigurationList;
			buildConfigurations = (
				87ADDDEC19B2EBD200F758DA /* Debug */,
				87ADDDED19B2EBD200F758DA /* Release */,
			);
			defaultConfigurationIsVisible = 0;
			defaultConfigurationName = Release;
		};
		87ADDDEE19B2EBD200F758DA /* Build configuration list for PBXNativeTarget "navigation" */ = {
			isa = XCConfigurationList;
			buildConfigurations = (
				87ADDDEF19B2EBD200F758DA /* Debug */,
				87ADDDF019B2EBD200F758DA /* Release */,
			);
			defaultConfigurationIsVisible = 0;
			defaultConfigurationName = Release;
		};
		87ADDDF119B2EBD200F758DA /* Build configuration list for PBXNativeTarget "navigationTests" */ = {
			isa = XCConfigurationList;
			buildConfigurations = (
				87ADDDF219B2EBD200F758DA /* Debug */,
				87ADDDF319B2EBD200F758DA /* Release */,
			);
			defaultConfigurationIsVisible = 0;
			defaultConfigurationName = Release;
		};
/* End XCConfigurationList section */
	};
	rootObject = 87ADDDCA19B2EBD200F758DA /* Project object */;
}
