// !$*UTF8*$!
{
	archiveVersion = 1;
	classes = {
	};
	objectVersion = 46;
	objects = {

/* Begin PBXBuildFile section */
		87ADDC0B19B20C2600F758DA /* AppDelegate.swift in Sources */ = {isa = PBXBuildFile; fileRef = 87ADDC0A19B20C2600F758DA /* AppDelegate.swift */; };
		87ADDC0D19B20C2600F758DA /* ViewController.swift in Sources */ = {isa = PBXBuildFile; fileRef = 87ADDC0C19B20C2600F758DA /* ViewController.swift */; };
		87ADDC1019B20C2600F758DA /* Main.storyboard in Resources */ = {isa = PBXBuildFile; fileRef = 87ADDC0E19B20C2600F758DA /* Main.storyboard */; };
		87ADDC1219B20C2600F758DA /* Images.xcassets in Resources */ = {isa = PBXBuildFile; fileRef = 87ADDC1119B20C2600F758DA /* Images.xcassets */; };
		87ADDC1E19B20C2600F758DA /* sliderTests.swift in Sources */ = {isa = PBXBuildFile; fileRef = 87ADDC1D19B20C2600F758DA /* sliderTests.swift */; };
		87ADDC2919B20CA400F758DA /* image2.jpg in Resources */ = {isa = PBXBuildFile; fileRef = 87ADDC2819B20CA400F758DA /* image2.jpg */; };
/* End PBXBuildFile section */

/* Begin PBXContainerItemProxy section */
		87ADDC1819B20C2600F758DA /* PBXContainerItemProxy */ = {
			isa = PBXContainerItemProxy;
			containerPortal = 87ADDBFD19B20C2600F758DA /* Project object */;
			proxyType = 1;
			remoteGlobalIDString = 87ADDC0419B20C2600F758DA;
			remoteInfo = slider;
		};
/* End PBXContainerItemProxy section */

/* Begin PBXFileReference section */
		87ADDC0519B20C2600F758DA /* slider.app */ = {isa = PBXFileReference; explicitFileType = wrapper.application; includeInIndex = 0; path = slider.app; sourceTree = BUILT_PRODUCTS_DIR; };
		87ADDC0919B20C2600F758DA /* Info.plist */ = {isa = PBXFileReference; lastKnownFileType = text.plist.xml; path = Info.plist; sourceTree = "<group>"; };
		87ADDC0A19B20C2600F758DA /* AppDelegate.swift */ = {isa = PBXFileReference; lastKnownFileType = sourcecode.swift; path = AppDelegate.swift; sourceTree = "<group>"; };
		87ADDC0C19B20C2600F758DA /* ViewController.swift */ = {isa = PBXFileReference; lastKnownFileType = sourcecode.swift; path = ViewController.swift; sourceTree = "<group>"; };
		87ADDC0F19B20C2600F758DA /* Base */ = {isa = PBXFileReference; lastKnownFileType = file.storyboard; name = Base; path = Base.lproj/Main.storyboard; sourceTree = "<group>"; };
		87ADDC1119B20C2600F758DA /* Images.xcassets */ = {isa = PBXFileReference; lastKnownFileType = folder.assetcatalog; path = Images.xcassets; sourceTree = "<group>"; };
		87ADDC1719B20C2600F758DA /* sliderTests.xctest */ = {isa = PBXFileReference; explicitFileType = wrapper.cfbundle; includeInIndex = 0; path = sliderTests.xctest; sourceTree = BUILT_PRODUCTS_DIR; };
		87ADDC1C19B20C2600F758DA /* Info.plist */ = {isa = PBXFileReference; lastKnownFileType = text.plist.xml; path = Info.plist; sourceTree = "<group>"; };
		87ADDC1D19B20C2600F758DA /* sliderTests.swift */ = {isa = PBXFileReference; lastKnownFileType = sourcecode.swift; path = sliderTests.swift; sourceTree = "<group>"; };
		87ADDC2819B20CA400F758DA /* image2.jpg */ = {isa = PBXFileReference; lastKnownFileType = image.jpeg; path = image2.jpg; sourceTree = "<group>"; };
/* End PBXFileReference section */

/* Begin PBXFrameworksBuildPhase section */
		87ADDC0219B20C2600F758DA /* Frameworks */ = {
			isa = PBXFrameworksBuildPhase;
			buildActionMask = 2147483647;
			files = (
			);
			runOnlyForDeploymentPostprocessing = 0;
		};
		87ADDC1419B20C2600F758DA /* Frameworks */ = {
			isa = PBXFrameworksBuildPhase;
			buildActionMask = 2147483647;
			files = (
			);
			runOnlyForDeploymentPostprocessing = 0;
		};
/* End PBXFrameworksBuildPhase section */

/* Begin PBXGroup section */
		87ADDBFC19B20C2600F758DA = {
			isa = PBXGroup;
			children = (
				87ADDC0719B20C2600F758DA /* slider */,
				87ADDC1A19B20C2600F758DA /* sliderTests */,
				87ADDC0619B20C2600F758DA /* Products */,
			);
			sourceTree = "<group>";
		};
		87ADDC0619B20C2600F758DA /* Products */ = {
			isa = PBXGroup;
			children = (
				87ADDC0519B20C2600F758DA /* slider.app */,
				87ADDC1719B20C2600F758DA /* sliderTests.xctest */,
			);
			name = Products;
			sourceTree = "<group>";
		};
		87ADDC0719B20C2600F758DA /* slider */ = {
			isa = PBXGroup;
			children = (
				87ADDC2719B20C9600F758DA /* images */,
				87ADDC0A19B20C2600F758DA /* AppDelegate.swift */,
				87ADDC0C19B20C2600F758DA /* ViewController.swift */,
				87ADDC0E19B20C2600F758DA /* Main.storyboard */,
				87ADDC1119B20C2600F758DA /* Images.xcassets */,
				87ADDC0819B20C2600F758DA /* Supporting Files */,
			);
			path = slider;
			sourceTree = "<group>";
		};
		87ADDC0819B20C2600F758DA /* Supporting Files */ = {
			isa = PBXGroup;
			children = (
				87ADDC0919B20C2600F758DA /* Info.plist */,
			);
			name = "Supporting Files";
			sourceTree = "<group>";
		};
		87ADDC1A19B20C2600F758DA /* sliderTests */ = {
			isa = PBXGroup;
			children = (
				87ADDC1D19B20C2600F758DA /* sliderTests.swift */,
				87ADDC1B19B20C2600F758DA /* Supporting Files */,
			);
			path = sliderTests;
			sourceTree = "<group>";
		};
		87ADDC1B19B20C2600F758DA /* Supporting Files */ = {
			isa = PBXGroup;
			children = (
				87ADDC1C19B20C2600F758DA /* Info.plist */,
			);
			name = "Supporting Files";
			sourceTree = "<group>";
		};
		87ADDC2719B20C9600F758DA /* images */ = {
			isa = PBXGroup;
			children = (
				87ADDC2819B20CA400F758DA /* image2.jpg */,
			);
			name = images;
			sourceTree = "<group>";
		};
/* End PBXGroup section */

/* Begin PBXNativeTarget section */
		87ADDC0419B20C2600F758DA /* slider */ = {
			isa = PBXNativeTarget;
			buildConfigurationList = 87ADDC2119B20C2600F758DA /* Build configuration list for PBXNativeTarget "slider" */;
			buildPhases = (
				87ADDC0119B20C2600F758DA /* Sources */,
				87ADDC0219B20C2600F758DA /* Frameworks */,
				87ADDC0319B20C2600F758DA /* Resources */,
			);
			buildRules = (
			);
			dependencies = (
			);
			name = slider;
			productName = slider;
			productReference = 87ADDC0519B20C2600F758DA /* slider.app */;
			productType = "com.apple.product-type.application";
		};
		87ADDC1619B20C2600F758DA /* sliderTests */ = {
			isa = PBXNativeTarget;
			buildConfigurationList = 87ADDC2419B20C2600F758DA /* Build configuration list for PBXNativeTarget "sliderTests" */;
			buildPhases = (
				87ADDC1319B20C2600F758DA /* Sources */,
				87ADDC1419B20C2600F758DA /* Frameworks */,
				87ADDC1519B20C2600F758DA /* Resources */,
			);
			buildRules = (
			);
			dependencies = (
				87ADDC1919B20C2600F758DA /* PBXTargetDependency */,
			);
			name = sliderTests;
			productName = sliderTests;
			productReference = 87ADDC1719B20C2600F758DA /* sliderTests.xctest */;
			productType = "com.apple.product-type.bundle.unit-test";
		};
/* End PBXNativeTarget section */

/* Begin PBXProject section */
		87ADDBFD19B20C2600F758DA /* Project object */ = {
			isa = PBXProject;
			attributes = {
				LastSwiftUpdateCheck = 0710;
				LastUpgradeCheck = 0600;
				ORGANIZATIONNAME = lovefancy;
				TargetAttributes = {
					87ADDC0419B20C2600F758DA = {
						CreatedOnToolsVersion = 6.0;
					};
					87ADDC1619B20C2600F758DA = {
						CreatedOnToolsVersion = 6.0;
						TestTargetID = 87ADDC0419B20C2600F758DA;
					};
				};
			};
			buildConfigurationList = 87ADDC0019B20C2600F758DA /* Build configuration list for PBXProject "slider" */;
			compatibilityVersion = "Xcode 3.2";
			developmentRegion = English;
			hasScannedForEncodings = 0;
			knownRegions = (
				en,
				Base,
			);
			mainGroup = 87ADDBFC19B20C2600F758DA;
			productRefGroup = 87ADDC0619B20C2600F758DA /* Products */;
			projectDirPath = "";
			projectRoot = "";
			targets = (
				87ADDC0419B20C2600F758DA /* slider */,
				87ADDC1619B20C2600F758DA /* sliderTests */,
			);
		};
/* End PBXProject section */

/* Begin PBXResourcesBuildPhase section */
		87ADDC0319B20C2600F758DA /* Resources */ = {
			isa = PBXResourcesBuildPhase;
			buildActionMask = 2147483647;
			files = (
				87ADDC1019B20C2600F758DA /* Main.storyboard in Resources */,
				87ADDC2919B20CA400F758DA /* image2.jpg in Resources */,
				87ADDC1219B20C2600F758DA /* Images.xcassets in Resources */,
			);
			runOnlyForDeploymentPostprocessing = 0;
		};
		87ADDC1519B20C2600F758DA /* Resources */ = {
			isa = PBXResourcesBuildPhase;
			buildActionMask = 2147483647;
			files = (
			);
			runOnlyForDeploymentPostprocessing = 0;
		};
/* End PBXResourcesBuildPhase section */

/* Begin PBXSourcesBuildPhase section */
		87ADDC0119B20C2600F758DA /* Sources */ = {
			isa = PBXSourcesBuildPhase;
			buildActionMask = 2147483647;
			files = (
				87ADDC0D19B20C2600F758DA /* ViewController.swift in Sources */,
				87ADDC0B19B20C2600F758DA /* AppDelegate.swift in Sources */,
			);
			runOnlyForDeploymentPostprocessing = 0;
		};
		87ADDC1319B20C2600F758DA /* Sources */ = {
			isa = PBXSourcesBuildPhase;
			buildActionMask = 2147483647;
			files = (
				87ADDC1E19B20C2600F758DA /* sliderTests.swift in Sources */,
			);
			runOnlyForDeploymentPostprocessing = 0;
		};
/* End PBXSourcesBuildPhase section */

/* Begin PBXTargetDependency section */
		87ADDC1919B20C2600F758DA /* PBXTargetDependency */ = {
			isa = PBXTargetDependency;
			target = 87ADDC0419B20C2600F758DA /* slider */;
			targetProxy = 87ADDC1819B20C2600F758DA /* PBXContainerItemProxy */;
		};
/* End PBXTargetDependency section */

/* Begin PBXVariantGroup section */
		87ADDC0E19B20C2600F758DA /* Main.storyboard */ = {
			isa = PBXVariantGroup;
			children = (
				87ADDC0F19B20C2600F758DA /* Base */,
			);
			name = Main.storyboard;
			sourceTree = "<group>";
		};
/* End PBXVariantGroup section */

/* Begin XCBuildConfiguration section */
		87ADDC1F19B20C2600F758DA /* Debug */ = {
			isa = XCBuildConfiguration;
			buildSettings = {
				ALWAYS_SEARCH_USER_PATHS = NO;
				CLANG_CXX_LANGUAGE_STANDARD = "gnu++0x";
				CLANG_CXX_LIBRARY = "libc++";
				CLANG_ENABLE_MODULES = YES;
				CLANG_ENABLE_OBJC_ARC = YES;
				CLANG_WARN_BOOL_CONVERSION = YES;
				CLANG_WARN_CONSTANT_CONVERSION = YES;
				CLANG_WARN_DIRECT_OBJC_ISA_USAGE = YES_ERROR;
				CLANG_WARN_EMPTY_BODY = YES;
				CLANG_WARN_ENUM_CONVERSION = YES;
				CLANG_WARN_INT_CONVERSION = YES;
				CLANG_WARN_OBJC_ROOT_CLASS = YES_ERROR;
				CLANG_WARN_UNREACHABLE_CODE = YES;
				CLANG_WARN__DUPLICATE_METHOD_MATCH = YES;
				"CODE_SIGN_IDENTITY[sdk=iphoneos*]" = "iPhone Developer";
				COPY_PHASE_STRIP = NO;
				ENABLE_STRICT_OBJC_MSGSEND = YES;
				GCC_C_LANGUAGE_STANDARD = gnu99;
				GCC_DYNAMIC_NO_PIC = NO;
				GCC_OPTIMIZATION_LEVEL = 0;
				GCC_PREPROCESSOR_DEFINITIONS = (
					"DEBUG=1",
					"$(inherited)",
				);
				GCC_SYMBOLS_PRIVATE_EXTERN = NO;
				GCC_WARN_64_TO_32_BIT_CONVERSION = YES;
				GCC_WARN_ABOUT_RETURN_TYPE = YES_ERROR;
				GCC_WARN_UNDECLARED_SELECTOR = YES;
				GCC_WARN_UNINITIALIZED_AUTOS = YES_AGGRESSIVE;
				GCC_WARN_UNUSED_FUNCTION = YES;
				GCC_WARN_UNUSED_VARIABLE = YES;
				IPHONEOS_DEPLOYMENT_TARGET = 8.0;
				MTL_ENABLE_DEBUG_INFO = YES;
				ONLY_ACTIVE_ARCH = YES;
				SDKROOT = iphoneos;
				SWIFT_OPTIMIZATION_LEVEL = "-Onone";
				TARGETED_DEVICE_FAMILY = "1,2";
			};
			name = Debug;
		};
		87ADDC2019B20C2600F758DA /* Release */ = {
			isa = XCBuildConfiguration;
			buildSettings = {
				ALWAYS_SEARCH_USER_PATHS = NO;
				CLANG_CXX_LANGUAGE_STANDARD = "gnu++0x";
				CLANG_CXX_LIBRARY = "libc++";
				CLANG_ENABLE_MODULES = YES;
				CLANG_ENABLE_OBJC_ARC = YES;
				CLANG_WARN_BOOL_CONVERSION = YES;
				CLANG_WARN_CONSTANT_CONVERSION = YES;
				CLANG_WARN_DIRECT_OBJC_ISA_USAGE = YES_ERROR;
				CLANG_WARN_EMPTY_BODY = YES;
				CLANG_WARN_ENUM_CONVERSION = YES;
				CLANG_WARN_INT_CONVERSION = YES;
				CLANG_WARN_OBJC_ROOT_CLASS = YES_ERROR;
				CLANG_WARN_UNREACHABLE_CODE = YES;
				CLANG_WARN__DUPLICATE_METHOD_MATCH = YES;
				"CODE_SIGN_IDENTITY[sdk=iphoneos*]" = "iPhone Developer";
				COPY_PHASE_STRIP = YES;
				ENABLE_NS_ASSERTIONS = NO;
				ENABLE_STRICT_OBJC_MSGSEND = YES;
				GCC_C_LANGUAGE_STANDARD = gnu99;
				GCC_WARN_64_TO_32_BIT_CONVERSION = YES;
				GCC_WARN_ABOUT_RETURN_TYPE = YES_ERROR;
				GCC_WARN_UNDECLARED_SELECTOR = YES;
				GCC_WARN_UNINITIALIZED_AUTOS = YES_AGGRESSIVE;
				GCC_WARN_UNUSED_FUNCTION = YES;
				GCC_WARN_UNUSED_VARIABLE = YES;
				IPHONEOS_DEPLOYMENT_TARGET = 8.0;
				MTL_ENABLE_DEBUG_INFO = NO;
				SDKROOT = iphoneos;
				TARGETED_DEVICE_FAMILY = "1,2";
				VALIDATE_PRODUCT = YES;
			};
			name = Release;
		};
		87ADDC2219B20C2600F758DA /* Debug */ = {
			isa = XCBuildConfiguration;
			buildSettings = {
				ASSETCATALOG_COMPILER_APPICON_NAME = AppIcon;
				ASSETCATALOG_COMPILER_LAUNCHIMAGE_NAME = LaunchImage;
				INFOPLIST_FILE = slider/Info.plist;
				LD_RUNPATH_SEARCH_PATHS = "$(inherited) @executable_path/Frameworks";
				PRODUCT_NAME = "$(TARGET_NAME)";
			};
			name = Debug;
		};
		87ADDC2319B20C2600F758DA /* Release */ = {
			isa = XCBuildConfiguration;
			buildSettings = {
				ASSETCATALOG_COMPILER_APPICON_NAME = AppIcon;
				ASSETCATALOG_COMPILER_LAUNCHIMAGE_NAME = LaunchImage;
				INFOPLIST_FILE = slider/Info.plist;
				LD_RUNPATH_SEARCH_PATHS = "$(inherited) @executable_path/Frameworks";
				PRODUCT_NAME = "$(TARGET_NAME)";
			};
			name = Release;
		};
		87ADDC2519B20C2600F758DA /* Debug */ = {
			isa = XCBuildConfiguration;
			buildSettings = {
				BUNDLE_LOADER = "$(TEST_HOST)";
				FRAMEWORK_SEARCH_PATHS = (
					"$(SDKROOT)/Developer/Library/Frameworks",
					"$(inherited)",
				);
				GCC_PREPROCESSOR_DEFINITIONS = (
					"DEBUG=1",
					"$(inherited)",
				);
				INFOPLIST_FILE = sliderTests/Info.plist;
				LD_RUNPATH_SEARCH_PATHS = "$(inherited) @executable_path/Frameworks @loader_path/Frameworks";
				PRODUCT_NAME = "$(TARGET_NAME)";
				TEST_HOST = "$(BUILT_PRODUCTS_DIR)/slider.app/slider";
			};
			name = Debug;
		};
		87ADDC2619B20C2600F758DA /* Release */ = {
			isa = XCBuildConfiguration;
			buildSettings = {
				BUNDLE_LOADER = "$(TEST_HOST)";
				FRAMEWORK_SEARCH_PATHS = (
					"$(SDKROOT)/Developer/Library/Frameworks",
					"$(inherited)",
				);
				INFOPLIST_FILE = sliderTests/Info.plist;
				LD_RUNPATH_SEARCH_PATHS = "$(inherited) @executable_path/Frameworks @loader_path/Frameworks";
				PRODUCT_NAME = "$(TARGET_NAME)";
				TEST_HOST = "$(BUILT_PRODUCTS_DIR)/slider.app/slider";
			};
			name = Release;
		};
/* End XCBuildConfiguration section */

/* Begin XCConfigurationList section */
		87ADDC0019B20C2600F758DA /* Build configuration list for PBXProject "slider" */ = {
			isa = XCConfigurationList;
			buildConfigurations = (
				87ADDC1F19B20C2600F758DA /* Debug */,
				87ADDC2019B20C2600F758DA /* Release */,
			);
			defaultConfigurationIsVisible = 0;
			defaultConfigurationName = Release;
		};
		87ADDC2119B20C2600F758DA /* Build configuration list for PBXNativeTarget "slider" */ = {
			isa = XCConfigurationList;
			buildConfigurations = (
				87ADDC2219B20C2600F758DA /* Debug */,
				87ADDC2319B20C2600F758DA /* Release */,
			);
			defaultConfigurationIsVisible = 0;
			defaultConfigurationName = Release;
		};
		87ADDC2419B20C2600F758DA /* Build configuration list for PBXNativeTarget "sliderTests" */ = {
			isa = XCConfigurationList;
			buildConfigurations = (
				87ADDC2519B20C2600F758DA /* Debug */,
				87ADDC2619B20C2600F758DA /* Release */,
			);
			defaultConfigurationIsVisible = 0;
			defaultConfigurationName = Release;
		};
/* End XCConfigurationList section */
	};
	rootObject = 87ADDBFD19B20C2600F758DA /* Project object */;
}
